// !$*UTF8*$!
{
	archiveVersion = 1;
	classes = {
	};
	objectVersion = 48;
	objects = {

/* Begin PBXBuildFile section */
		6B008F47202490C400F93B32 /* BinderTests.swift in Sources */ = {isa = PBXBuildFile; fileRef = 6B008F46202490C400F93B32 /* BinderTests.swift */; };
		6B052E141FCB4EE2008B3731 /* Binder.swift in Sources */ = {isa = PBXBuildFile; fileRef = 6B052E131FCB4EE2008B3731 /* Binder.swift */; };
		6B41947D2045B7A500C40218 /* LockTests.swift in Sources */ = {isa = PBXBuildFile; fileRef = 6B41947C2045B7A500C40218 /* LockTests.swift */; };
		6B730BCB2045E9620059D851 /* AtomicBoolTests.swift in Sources */ = {isa = PBXBuildFile; fileRef = 6B730BCA2045E9620059D851 /* AtomicBoolTests.swift */; };
		6B9E328B1FA639DF000B24D4 /* VueFlux.framework in Frameworks */ = {isa = PBXBuildFile; fileRef = 6B9E32811FA639DF000B24D4 /* VueFlux.framework */; };
		6B9EB21D1FCB14ED009F0659 /* Dispatcher.swift in Sources */ = {isa = PBXBuildFile; fileRef = 6B9EB2151FCB14BF009F0659 /* Dispatcher.swift */; };
		6B9EB21E1FCB14ED009F0659 /* DispatcherContext.swift in Sources */ = {isa = PBXBuildFile; fileRef = 6B9EB2161FCB14BF009F0659 /* DispatcherContext.swift */; };
		6B9EB2241FCB14ED009F0659 /* VueFlux.swift in Sources */ = {isa = PBXBuildFile; fileRef = 6B9EB21C1FCB14BF009F0659 /* VueFlux.swift */; };
		6B9EB23F1FCB1CFB009F0659 /* AtomicReference.swift in Sources */ = {isa = PBXBuildFile; fileRef = 6B9EB23D1FCB1CFB009F0659 /* AtomicReference.swift */; };
		6B9EB2431FCB1FF8009F0659 /* VueFluxReactive.framework in Frameworks */ = {isa = PBXBuildFile; fileRef = 6B9EB2361FCB157C009F0659 /* VueFluxReactive.framework */; };
		6B9EB2441FCB203B009F0659 /* VueFluxTests.swift in Sources */ = {isa = PBXBuildFile; fileRef = 6BE63FFE1FB3A6D8007F8B5D /* VueFluxTests.swift */; };
		6B9EB2451FCB203B009F0659 /* ExecutorTests.swift in Sources */ = {isa = PBXBuildFile; fileRef = 6BE63FF91FB39EA6007F8B5D /* ExecutorTests.swift */; };
		6B9EB2461FCB203B009F0659 /* DisposableTests.swift in Sources */ = {isa = PBXBuildFile; fileRef = 6BA27BCB1FB8CD3100809472 /* DisposableTests.swift */; };
		6B9EB2471FCB203B009F0659 /* DispatcherTests.swift in Sources */ = {isa = PBXBuildFile; fileRef = 6BE63FF61FB39CDD007F8B5D /* DispatcherTests.swift */; };
		6B9EB2481FCB203B009F0659 /* DispatcherContextTests.swift in Sources */ = {isa = PBXBuildFile; fileRef = 6BE63FF31FB39A3C007F8B5D /* DispatcherContextTests.swift */; };
		6B9EB2491FCB203B009F0659 /* DisposableScopeTests.swift in Sources */ = {isa = PBXBuildFile; fileRef = 6BA27BCE1FB8CE1A00809472 /* DisposableScopeTests.swift */; };
		6B9EB24A1FCB203B009F0659 /* StorageTests.swift in Sources */ = {isa = PBXBuildFile; fileRef = 6BA27BD31FB8CFE600809472 /* StorageTests.swift */; };
		6B9EB24B1FCB203B009F0659 /* AtomicReferenceTests.swift in Sources */ = {isa = PBXBuildFile; fileRef = 6BE63FF01FB39446007F8B5D /* AtomicReferenceTests.swift */; };
		6B9EB24C1FCB2078009F0659 /* Disposable.swift in Sources */ = {isa = PBXBuildFile; fileRef = 6B9EB23A1FCB1C87009F0659 /* Disposable.swift */; };
		6B9EB24D1FCB2078009F0659 /* DisposableScope.swift in Sources */ = {isa = PBXBuildFile; fileRef = 6B9EB23B1FCB1C88009F0659 /* DisposableScope.swift */; };
		6B9EB2571FCB2FEE009F0659 /* SinkSignalTests.swift in Sources */ = {isa = PBXBuildFile; fileRef = 6B9EB2561FCB2FEE009F0659 /* SinkSignalTests.swift */; };
		6B9EB25D1FCB3D81009F0659 /* VariableTests.swift in Sources */ = {isa = PBXBuildFile; fileRef = 6B9EB25C1FCB3D81009F0659 /* VariableTests.swift */; };
		6BB30C4D2018E3AC00C52C76 /* Sink.swift in Sources */ = {isa = PBXBuildFile; fileRef = 6BB30C4C2018E3AC00C52C76 /* Sink.swift */; };
		6BB30C4F2018E3CA00C52C76 /* Signal.swift in Sources */ = {isa = PBXBuildFile; fileRef = 6BB30C4E2018E3CA00C52C76 /* Signal.swift */; };
		6BB30C512018E3E700C52C76 /* Variable.swift in Sources */ = {isa = PBXBuildFile; fileRef = 6BB30C502018E3E700C52C76 /* Variable.swift */; };
		6BB30C532018E41600C52C76 /* Constant.swift in Sources */ = {isa = PBXBuildFile; fileRef = 6BB30C522018E41600C52C76 /* Constant.swift */; };
		6BB9F56B20514317008C6C77 /* CancelableProcedureTests.swift in Sources */ = {isa = PBXBuildFile; fileRef = 6BB9F56A20514317008C6C77 /* CancelableProcedureTests.swift */; };
		6BC664F51FEC5ABF00BD74C8 /* AnyDisposable.swift in Sources */ = {isa = PBXBuildFile; fileRef = 6BC664F41FEC5ABF00BD74C8 /* AnyDisposable.swift */; };
		6BC664F71FEC627E00BD74C8 /* SignalOperators.swift in Sources */ = {isa = PBXBuildFile; fileRef = 6BC664F61FEC627E00BD74C8 /* SignalOperators.swift */; };
		6BC665331FF032C500BD74C8 /* Executor.swift in Sources */ = {isa = PBXBuildFile; fileRef = 6BC665321FF032C500BD74C8 /* Executor.swift */; };
		6BEB90131FCF2340001B9BF6 /* ConstantTests.swift in Sources */ = {isa = PBXBuildFile; fileRef = 6BEB90121FCF2340001B9BF6 /* ConstantTests.swift */; };
		6BEB901A1FCF2DB2001B9BF6 /* AssociatedDisposableScope.swift in Sources */ = {isa = PBXBuildFile; fileRef = 6BEB90191FCF2DB2001B9BF6 /* AssociatedDisposableScope.swift */; };
		6BF3351E20879A4C005FA3CF /* Storage.swift in Sources */ = {isa = PBXBuildFile; fileRef = 6BF3351A20879A4B005FA3CF /* Storage.swift */; };
		6BF3351F20879A4C005FA3CF /* Storage.swift in Sources */ = {isa = PBXBuildFile; fileRef = 6BF3351A20879A4B005FA3CF /* Storage.swift */; };
		6BF3352020879A4C005FA3CF /* CancelableProcedure.swift in Sources */ = {isa = PBXBuildFile; fileRef = 6BF3351B20879A4B005FA3CF /* CancelableProcedure.swift */; };
		6BF3352120879A4C005FA3CF /* CancelableProcedure.swift in Sources */ = {isa = PBXBuildFile; fileRef = 6BF3351B20879A4B005FA3CF /* CancelableProcedure.swift */; };
		6BF3352220879A4C005FA3CF /* Lock.swift in Sources */ = {isa = PBXBuildFile; fileRef = 6BF3351C20879A4B005FA3CF /* Lock.swift */; };
		6BF3352320879A4C005FA3CF /* Lock.swift in Sources */ = {isa = PBXBuildFile; fileRef = 6BF3351C20879A4B005FA3CF /* Lock.swift */; };
		6BF3352420879A4C005FA3CF /* AtomicBool.swift in Sources */ = {isa = PBXBuildFile; fileRef = 6BF3351D20879A4B005FA3CF /* AtomicBool.swift */; };
		6BF3352520879A4C005FA3CF /* AtomicBool.swift in Sources */ = {isa = PBXBuildFile; fileRef = 6BF3351D20879A4B005FA3CF /* AtomicBool.swift */; };
/* End PBXBuildFile section */

/* Begin PBXContainerItemProxy section */
		6B9E328C1FA639DF000B24D4 /* PBXContainerItemProxy */ = {
			isa = PBXContainerItemProxy;
			containerPortal = 6B9E32781FA639DF000B24D4 /* Project object */;
			proxyType = 1;
			remoteGlobalIDString = 6B9E32801FA639DF000B24D4;
			remoteInfo = VueFlux;
		};
		6B9EB2401FCB1FE2009F0659 /* PBXContainerItemProxy */ = {
			isa = PBXContainerItemProxy;
			containerPortal = 6B9E32781FA639DF000B24D4 /* Project object */;
			proxyType = 1;
			remoteGlobalIDString = 6B9EB2251FCB157C009F0659;
			remoteInfo = VueFluxReactive;
		};
		6B9EB24E1FCB2105009F0659 /* PBXContainerItemProxy */ = {
			isa = PBXContainerItemProxy;
			containerPortal = 6B9E32781FA639DF000B24D4 /* Project object */;
			proxyType = 1;
			remoteGlobalIDString = 6B9E32801FA639DF000B24D4;
			remoteInfo = VueFlux;
		};
/* End PBXContainerItemProxy section */

/* Begin PBXFileReference section */
		6B008F46202490C400F93B32 /* BinderTests.swift */ = {isa = PBXFileReference; lastKnownFileType = sourcecode.swift; path = BinderTests.swift; sourceTree = "<group>"; };
		6B052E131FCB4EE2008B3731 /* Binder.swift */ = {isa = PBXFileReference; lastKnownFileType = sourcecode.swift; path = Binder.swift; sourceTree = "<group>"; };
		6B41947C2045B7A500C40218 /* LockTests.swift */ = {isa = PBXFileReference; lastKnownFileType = sourcecode.swift; path = LockTests.swift; sourceTree = "<group>"; };
		6B730BCA2045E9620059D851 /* AtomicBoolTests.swift */ = {isa = PBXFileReference; lastKnownFileType = sourcecode.swift; path = AtomicBoolTests.swift; sourceTree = "<group>"; };
		6B9E32811FA639DF000B24D4 /* VueFlux.framework */ = {isa = PBXFileReference; explicitFileType = wrapper.framework; includeInIndex = 0; path = VueFlux.framework; sourceTree = BUILT_PRODUCTS_DIR; };
		6B9E328A1FA639DF000B24D4 /* Tests.xctest */ = {isa = PBXFileReference; explicitFileType = wrapper.cfbundle; includeInIndex = 0; path = Tests.xctest; sourceTree = BUILT_PRODUCTS_DIR; };
		6B9E329F1FA63B07000B24D4 /* Info.plist */ = {isa = PBXFileReference; lastKnownFileType = text.plist.xml; path = Info.plist; sourceTree = "<group>"; };
		6B9EB2131FCB14BF009F0659 /* Info.plist */ = {isa = PBXFileReference; lastKnownFileType = text.plist.xml; path = Info.plist; sourceTree = "<group>"; };
		6B9EB2151FCB14BF009F0659 /* Dispatcher.swift */ = {isa = PBXFileReference; lastKnownFileType = sourcecode.swift; path = Dispatcher.swift; sourceTree = "<group>"; };
		6B9EB2161FCB14BF009F0659 /* DispatcherContext.swift */ = {isa = PBXFileReference; lastKnownFileType = sourcecode.swift; path = DispatcherContext.swift; sourceTree = "<group>"; };
		6B9EB21C1FCB14BF009F0659 /* VueFlux.swift */ = {isa = PBXFileReference; lastKnownFileType = sourcecode.swift; path = VueFlux.swift; sourceTree = "<group>"; };
		6B9EB2361FCB157C009F0659 /* VueFluxReactive.framework */ = {isa = PBXFileReference; explicitFileType = wrapper.framework; includeInIndex = 0; path = VueFluxReactive.framework; sourceTree = BUILT_PRODUCTS_DIR; };
		6B9EB2391FCB1611009F0659 /* Info.plist */ = {isa = PBXFileReference; lastKnownFileType = text.plist.xml; path = Info.plist; sourceTree = "<group>"; };
		6B9EB23A1FCB1C87009F0659 /* Disposable.swift */ = {isa = PBXFileReference; lastKnownFileType = sourcecode.swift; path = Disposable.swift; sourceTree = "<group>"; };
		6B9EB23B1FCB1C88009F0659 /* DisposableScope.swift */ = {isa = PBXFileReference; lastKnownFileType = sourcecode.swift; path = DisposableScope.swift; sourceTree = "<group>"; };
		6B9EB23D1FCB1CFB009F0659 /* AtomicReference.swift */ = {isa = PBXFileReference; lastKnownFileType = sourcecode.swift; path = AtomicReference.swift; sourceTree = "<group>"; };
		6B9EB2561FCB2FEE009F0659 /* SinkSignalTests.swift */ = {isa = PBXFileReference; lastKnownFileType = sourcecode.swift; path = SinkSignalTests.swift; sourceTree = "<group>"; };
		6B9EB25C1FCB3D81009F0659 /* VariableTests.swift */ = {isa = PBXFileReference; lastKnownFileType = sourcecode.swift; path = VariableTests.swift; sourceTree = "<group>"; };
		6BA27BCB1FB8CD3100809472 /* DisposableTests.swift */ = {isa = PBXFileReference; lastKnownFileType = sourcecode.swift; path = DisposableTests.swift; sourceTree = "<group>"; };
		6BA27BCE1FB8CE1A00809472 /* DisposableScopeTests.swift */ = {isa = PBXFileReference; lastKnownFileType = sourcecode.swift; path = DisposableScopeTests.swift; sourceTree = "<group>"; };
		6BA27BD31FB8CFE600809472 /* StorageTests.swift */ = {isa = PBXFileReference; lastKnownFileType = sourcecode.swift; path = StorageTests.swift; sourceTree = "<group>"; };
		6BB2AC102161405A00D54781 /* Test.xcconfig */ = {isa = PBXFileReference; lastKnownFileType = text.xcconfig; path = Test.xcconfig; sourceTree = "<group>"; };
		6BB2AC112161408A00D54781 /* Main.xcconfig */ = {isa = PBXFileReference; lastKnownFileType = text.xcconfig; path = Main.xcconfig; sourceTree = "<group>"; };
		6BB30C4C2018E3AC00C52C76 /* Sink.swift */ = {isa = PBXFileReference; lastKnownFileType = sourcecode.swift; path = Sink.swift; sourceTree = "<group>"; };
		6BB30C4E2018E3CA00C52C76 /* Signal.swift */ = {isa = PBXFileReference; lastKnownFileType = sourcecode.swift; path = Signal.swift; sourceTree = "<group>"; };
		6BB30C502018E3E700C52C76 /* Variable.swift */ = {isa = PBXFileReference; lastKnownFileType = sourcecode.swift; path = Variable.swift; sourceTree = "<group>"; };
		6BB30C522018E41600C52C76 /* Constant.swift */ = {isa = PBXFileReference; lastKnownFileType = sourcecode.swift; path = Constant.swift; sourceTree = "<group>"; };
		6BB5BAF92044353A0009F779 /* Base.xcconfig */ = {isa = PBXFileReference; lastKnownFileType = text.xcconfig; path = Base.xcconfig; sourceTree = "<group>"; };
		6BB9F56A20514317008C6C77 /* CancelableProcedureTests.swift */ = {isa = PBXFileReference; lastKnownFileType = sourcecode.swift; path = CancelableProcedureTests.swift; sourceTree = "<group>"; };
		6BC664F41FEC5ABF00BD74C8 /* AnyDisposable.swift */ = {isa = PBXFileReference; lastKnownFileType = sourcecode.swift; path = AnyDisposable.swift; sourceTree = "<group>"; };
		6BC664F61FEC627E00BD74C8 /* SignalOperators.swift */ = {isa = PBXFileReference; lastKnownFileType = sourcecode.swift; path = SignalOperators.swift; sourceTree = "<group>"; };
		6BC665321FF032C500BD74C8 /* Executor.swift */ = {isa = PBXFileReference; lastKnownFileType = sourcecode.swift; path = Executor.swift; sourceTree = "<group>"; };
		6BE63FF01FB39446007F8B5D /* AtomicReferenceTests.swift */ = {isa = PBXFileReference; lastKnownFileType = sourcecode.swift; path = AtomicReferenceTests.swift; sourceTree = "<group>"; };
		6BE63FF31FB39A3C007F8B5D /* DispatcherContextTests.swift */ = {isa = PBXFileReference; lastKnownFileType = sourcecode.swift; path = DispatcherContextTests.swift; sourceTree = "<group>"; };
		6BE63FF61FB39CDD007F8B5D /* DispatcherTests.swift */ = {isa = PBXFileReference; lastKnownFileType = sourcecode.swift; path = DispatcherTests.swift; sourceTree = "<group>"; };
		6BE63FF91FB39EA6007F8B5D /* ExecutorTests.swift */ = {isa = PBXFileReference; lastKnownFileType = sourcecode.swift; path = ExecutorTests.swift; sourceTree = "<group>"; };
		6BE63FFE1FB3A6D8007F8B5D /* VueFluxTests.swift */ = {isa = PBXFileReference; lastKnownFileType = sourcecode.swift; path = VueFluxTests.swift; sourceTree = "<group>"; };
		6BEB90121FCF2340001B9BF6 /* ConstantTests.swift */ = {isa = PBXFileReference; lastKnownFileType = sourcecode.swift; path = ConstantTests.swift; sourceTree = "<group>"; };
		6BEB90191FCF2DB2001B9BF6 /* AssociatedDisposableScope.swift */ = {isa = PBXFileReference; lastKnownFileType = sourcecode.swift; path = AssociatedDisposableScope.swift; sourceTree = "<group>"; };
		6BF3351A20879A4B005FA3CF /* Storage.swift */ = {isa = PBXFileReference; fileEncoding = 4; lastKnownFileType = sourcecode.swift; path = Storage.swift; sourceTree = "<group>"; };
		6BF3351B20879A4B005FA3CF /* CancelableProcedure.swift */ = {isa = PBXFileReference; fileEncoding = 4; lastKnownFileType = sourcecode.swift; path = CancelableProcedure.swift; sourceTree = "<group>"; };
		6BF3351C20879A4B005FA3CF /* Lock.swift */ = {isa = PBXFileReference; fileEncoding = 4; lastKnownFileType = sourcecode.swift; path = Lock.swift; sourceTree = "<group>"; };
		6BF3351D20879A4B005FA3CF /* AtomicBool.swift */ = {isa = PBXFileReference; fileEncoding = 4; lastKnownFileType = sourcecode.swift; path = AtomicBool.swift; sourceTree = "<group>"; };
/* End PBXFileReference section */

/* Begin PBXFrameworksBuildPhase section */
		6B9E327D1FA639DF000B24D4 /* Frameworks */ = {
			isa = PBXFrameworksBuildPhase;
			buildActionMask = 2147483647;
			files = (
			);
			runOnlyForDeploymentPostprocessing = 0;
		};
		6B9E32871FA639DF000B24D4 /* Frameworks */ = {
			isa = PBXFrameworksBuildPhase;
			buildActionMask = 2147483647;
			files = (
				6B9EB2431FCB1FF8009F0659 /* VueFluxReactive.framework in Frameworks */,
				6B9E328B1FA639DF000B24D4 /* VueFlux.framework in Frameworks */,
			);
			runOnlyForDeploymentPostprocessing = 0;
		};
		6B9EB22F1FCB157C009F0659 /* Frameworks */ = {
			isa = PBXFrameworksBuildPhase;
			buildActionMask = 2147483647;
			files = (
			);
			runOnlyForDeploymentPostprocessing = 0;
		};
/* End PBXFrameworksBuildPhase section */

/* Begin PBXGroup section */
		6B120DC71FD5B4CB001FEAB4 /* Configurations */ = {
			isa = PBXGroup;
			children = (
				6BB5BAF92044353A0009F779 /* Base.xcconfig */,
				6BB2AC112161408A00D54781 /* Main.xcconfig */,
				6BB2AC102161405A00D54781 /* Test.xcconfig */,
			);
			path = Configurations;
			sourceTree = "<group>";
		};
		6B9E32771FA639DF000B24D4 = {
			isa = PBXGroup;
			children = (
				6B9EB2121FCB14BF009F0659 /* VueFlux */,
				6B9EB2381FCB1611009F0659 /* VueFluxReactive */,
				6BF3351920879A4B005FA3CF /* VueFluxInternalCore */,
				6B9E329E1FA63B07000B24D4 /* Tests */,
				6B120DC71FD5B4CB001FEAB4 /* Configurations */,
				6B9E32821FA639DF000B24D4 /* Products */,
				6B9EB2421FCB1FF8009F0659 /* Frameworks */,
			);
			sourceTree = "<group>";
		};
		6B9E32821FA639DF000B24D4 /* Products */ = {
			isa = PBXGroup;
			children = (
				6B9E32811FA639DF000B24D4 /* VueFlux.framework */,
				6B9E328A1FA639DF000B24D4 /* Tests.xctest */,
				6B9EB2361FCB157C009F0659 /* VueFluxReactive.framework */,
			);
			name = Products;
			sourceTree = "<group>";
		};
		6B9E329E1FA63B07000B24D4 /* Tests */ = {
			isa = PBXGroup;
			children = (
				6BE63FFE1FB3A6D8007F8B5D /* VueFluxTests.swift */,
				6BE63FF91FB39EA6007F8B5D /* ExecutorTests.swift */,
				6BE63FF61FB39CDD007F8B5D /* DispatcherTests.swift */,
				6BE63FF31FB39A3C007F8B5D /* DispatcherContextTests.swift */,
				6BE63FF01FB39446007F8B5D /* AtomicReferenceTests.swift */,
				6B9EB2561FCB2FEE009F0659 /* SinkSignalTests.swift */,
				6B9EB25C1FCB3D81009F0659 /* VariableTests.swift */,
				6BEB90121FCF2340001B9BF6 /* ConstantTests.swift */,
				6B008F46202490C400F93B32 /* BinderTests.swift */,
				6BA27BCB1FB8CD3100809472 /* DisposableTests.swift */,
				6BA27BCE1FB8CE1A00809472 /* DisposableScopeTests.swift */,
				6BA27BD31FB8CFE600809472 /* StorageTests.swift */,
				6BB9F56A20514317008C6C77 /* CancelableProcedureTests.swift */,
				6B730BCA2045E9620059D851 /* AtomicBoolTests.swift */,
				6B41947C2045B7A500C40218 /* LockTests.swift */,
				6B9E329F1FA63B07000B24D4 /* Info.plist */,
			);
			path = Tests;
			sourceTree = "<group>";
		};
		6B9EB2121FCB14BF009F0659 /* VueFlux */ = {
			isa = PBXGroup;
			children = (
				6B9EB21C1FCB14BF009F0659 /* VueFlux.swift */,
				6BC665321FF032C500BD74C8 /* Executor.swift */,
				6B9EB23D1FCB1CFB009F0659 /* AtomicReference.swift */,
				6B9EB2141FCB14BF009F0659 /* Internal */,
				6B9EB2131FCB14BF009F0659 /* Info.plist */,
			);
			path = VueFlux;
			sourceTree = "<group>";
		};
		6B9EB2141FCB14BF009F0659 /* Internal */ = {
			isa = PBXGroup;
			children = (
				6B9EB2151FCB14BF009F0659 /* Dispatcher.swift */,
				6B9EB2161FCB14BF009F0659 /* DispatcherContext.swift */,
			);
			path = Internal;
			sourceTree = "<group>";
		};
		6B9EB2381FCB1611009F0659 /* VueFluxReactive */ = {
			isa = PBXGroup;
			children = (
				6BB30C4C2018E3AC00C52C76 /* Sink.swift */,
				6BB30C4E2018E3CA00C52C76 /* Signal.swift */,
				6BB30C502018E3E700C52C76 /* Variable.swift */,
				6BB30C522018E41600C52C76 /* Constant.swift */,
				6B052E131FCB4EE2008B3731 /* Binder.swift */,
				6BC664F61FEC627E00BD74C8 /* SignalOperators.swift */,
				6B9EB23A1FCB1C87009F0659 /* Disposable.swift */,
				6BC664F41FEC5ABF00BD74C8 /* AnyDisposable.swift */,
				6B9EB23B1FCB1C88009F0659 /* DisposableScope.swift */,
				6BEB90161FCF24C6001B9BF6 /* Internal */,
				6B9EB2391FCB1611009F0659 /* Info.plist */,
			);
			path = VueFluxReactive;
			sourceTree = "<group>";
		};
		6B9EB2421FCB1FF8009F0659 /* Frameworks */ = {
			isa = PBXGroup;
			children = (
			);
			name = Frameworks;
			sourceTree = "<group>";
		};
		6BEB90161FCF24C6001B9BF6 /* Internal */ = {
			isa = PBXGroup;
			children = (
				6BEB90191FCF2DB2001B9BF6 /* AssociatedDisposableScope.swift */,
			);
			path = Internal;
			sourceTree = "<group>";
		};
		6BF3351920879A4B005FA3CF /* VueFluxInternalCore */ = {
			isa = PBXGroup;
			children = (
				6BF3351A20879A4B005FA3CF /* Storage.swift */,
				6BF3351B20879A4B005FA3CF /* CancelableProcedure.swift */,
				6BF3351C20879A4B005FA3CF /* Lock.swift */,
				6BF3351D20879A4B005FA3CF /* AtomicBool.swift */,
			);
			path = VueFluxInternalCore;
			sourceTree = "<group>";
		};
/* End PBXGroup section */

/* Begin PBXHeadersBuildPhase section */
		6B9E327E1FA639DF000B24D4 /* Headers */ = {
			isa = PBXHeadersBuildPhase;
			buildActionMask = 2147483647;
			files = (
			);
			runOnlyForDeploymentPostprocessing = 0;
		};
		6B9EB2301FCB157C009F0659 /* Headers */ = {
			isa = PBXHeadersBuildPhase;
			buildActionMask = 2147483647;
			files = (
			);
			runOnlyForDeploymentPostprocessing = 0;
		};
/* End PBXHeadersBuildPhase section */

/* Begin PBXNativeTarget section */
		6B9E32801FA639DF000B24D4 /* VueFlux */ = {
			isa = PBXNativeTarget;
			buildConfigurationList = 6B9E32951FA639DF000B24D4 /* Build configuration list for PBXNativeTarget "VueFlux" */;
			buildPhases = (
				6B9E327C1FA639DF000B24D4 /* Sources */,
				6B9E327D1FA639DF000B24D4 /* Frameworks */,
				6B9E327E1FA639DF000B24D4 /* Headers */,
				6B9E327F1FA639DF000B24D4 /* Resources */,
				6B0B29691FBCDC39009F4290 /* SwiftLint */,
			);
			buildRules = (
			);
			dependencies = (
			);
			name = VueFlux;
			productName = VueFlux;
			productReference = 6B9E32811FA639DF000B24D4 /* VueFlux.framework */;
			productType = "com.apple.product-type.framework";
		};
		6B9E32891FA639DF000B24D4 /* Tests */ = {
			isa = PBXNativeTarget;
			buildConfigurationList = 6B9E32981FA639DF000B24D4 /* Build configuration list for PBXNativeTarget "Tests" */;
			buildPhases = (
				6B9E32861FA639DF000B24D4 /* Sources */,
				6B9E32871FA639DF000B24D4 /* Frameworks */,
				6B9E32881FA639DF000B24D4 /* Resources */,
			);
			buildRules = (
			);
			dependencies = (
				6B9EB2411FCB1FE2009F0659 /* PBXTargetDependency */,
				6B9E328D1FA639DF000B24D4 /* PBXTargetDependency */,
			);
			name = Tests;
			productName = VueFluxTests;
			productReference = 6B9E328A1FA639DF000B24D4 /* Tests.xctest */;
			productType = "com.apple.product-type.bundle.unit-test";
		};
		6B9EB2251FCB157C009F0659 /* VueFluxReactive */ = {
			isa = PBXNativeTarget;
			buildConfigurationList = 6B9EB2331FCB157C009F0659 /* Build configuration list for PBXNativeTarget "VueFluxReactive" */;
			buildPhases = (
				6B9EB2261FCB157C009F0659 /* Sources */,
				6B9EB22F1FCB157C009F0659 /* Frameworks */,
				6B9EB2301FCB157C009F0659 /* Headers */,
				6B9EB2311FCB157C009F0659 /* Resources */,
				6BEB901B1FCF3544001B9BF6 /* SwiftLint */,
			);
			buildRules = (
			);
			dependencies = (
				6B9EB24F1FCB2105009F0659 /* PBXTargetDependency */,
			);
			name = VueFluxReactive;
			productName = VueFlux;
			productReference = 6B9EB2361FCB157C009F0659 /* VueFluxReactive.framework */;
			productType = "com.apple.product-type.framework";
		};
/* End PBXNativeTarget section */

/* Begin PBXProject section */
		6B9E32781FA639DF000B24D4 /* Project object */ = {
			isa = PBXProject;
			attributes = {
				LastSwiftUpdateCheck = 0900;
				LastUpgradeCheck = 0930;
				ORGANIZATIONNAME = "Ryo Aoyama";
				TargetAttributes = {
					6B9E32801FA639DF000B24D4 = {
						CreatedOnToolsVersion = 9.0;
						LastSwiftMigration = 1020;
						ProvisioningStyle = Manual;
					};
					6B9E32891FA639DF000B24D4 = {
						CreatedOnToolsVersion = 9.0;
						LastSwiftMigration = 1020;
						ProvisioningStyle = Manual;
					};
					6B9EB2251FCB157C009F0659 = {
						LastSwiftMigration = 1020;
						ProvisioningStyle = Manual;
					};
				};
			};
			buildConfigurationList = 6B9E327B1FA639DF000B24D4 /* Build configuration list for PBXProject "VueFlux" */;
			compatibilityVersion = "Xcode 8.0";
			developmentRegion = en;
			hasScannedForEncodings = 0;
			knownRegions = (
				en,
				Base,
			);
			mainGroup = 6B9E32771FA639DF000B24D4;
			productRefGroup = 6B9E32821FA639DF000B24D4 /* Products */;
			projectDirPath = "";
			projectRoot = "";
			targets = (
				6B9E32801FA639DF000B24D4 /* VueFlux */,
				6B9EB2251FCB157C009F0659 /* VueFluxReactive */,
				6B9E32891FA639DF000B24D4 /* Tests */,
			);
		};
/* End PBXProject section */

/* Begin PBXResourcesBuildPhase section */
		6B9E327F1FA639DF000B24D4 /* Resources */ = {
			isa = PBXResourcesBuildPhase;
			buildActionMask = 2147483647;
			files = (
			);
			runOnlyForDeploymentPostprocessing = 0;
		};
		6B9E32881FA639DF000B24D4 /* Resources */ = {
			isa = PBXResourcesBuildPhase;
			buildActionMask = 2147483647;
			files = (
			);
			runOnlyForDeploymentPostprocessing = 0;
		};
		6B9EB2311FCB157C009F0659 /* Resources */ = {
			isa = PBXResourcesBuildPhase;
			buildActionMask = 2147483647;
			files = (
			);
			runOnlyForDeploymentPostprocessing = 0;
		};
/* End PBXResourcesBuildPhase section */

/* Begin PBXShellScriptBuildPhase section */
		6B0B29691FBCDC39009F4290 /* SwiftLint */ = {
			isa = PBXShellScriptBuildPhase;
			buildActionMask = 2147483647;
			files = (
			);
			inputPaths = (
			);
			name = SwiftLint;
			outputPaths = (
			);
			runOnlyForDeploymentPostprocessing = 0;
			shellPath = /bin/sh;
			shellScript = "if which swiftlint >/dev/null; then\n  swiftlint\nfi";
		};
		6BEB901B1FCF3544001B9BF6 /* SwiftLint */ = {
			isa = PBXShellScriptBuildPhase;
			buildActionMask = 2147483647;
			files = (
			);
			inputPaths = (
			);
			name = SwiftLint;
			outputPaths = (
			);
			runOnlyForDeploymentPostprocessing = 0;
			shellPath = /bin/sh;
			shellScript = "if which swiftlint >/dev/null; then\n  swiftlint\nfi";
		};
/* End PBXShellScriptBuildPhase section */

/* Begin PBXSourcesBuildPhase section */
		6B9E327C1FA639DF000B24D4 /* Sources */ = {
			isa = PBXSourcesBuildPhase;
			buildActionMask = 2147483647;
			files = (
				6B9EB21D1FCB14ED009F0659 /* Dispatcher.swift in Sources */,
				6B9EB21E1FCB14ED009F0659 /* DispatcherContext.swift in Sources */,
				6B9EB2241FCB14ED009F0659 /* VueFlux.swift in Sources */,
				6B9EB23F1FCB1CFB009F0659 /* AtomicReference.swift in Sources */,
				6BF3352420879A4C005FA3CF /* AtomicBool.swift in Sources */,
				6BC665331FF032C500BD74C8 /* Executor.swift in Sources */,
				6BF3352020879A4C005FA3CF /* CancelableProcedure.swift in Sources */,
				6BF3352220879A4C005FA3CF /* Lock.swift in Sources */,
				6BF3351E20879A4C005FA3CF /* Storage.swift in Sources */,
			);
			runOnlyForDeploymentPostprocessing = 0;
		};
		6B9E32861FA639DF000B24D4 /* Sources */ = {
			isa = PBXSourcesBuildPhase;
			buildActionMask = 2147483647;
			files = (
				6B41947D2045B7A500C40218 /* LockTests.swift in Sources */,
				6B9EB2441FCB203B009F0659 /* VueFluxTests.swift in Sources */,
				6B9EB2451FCB203B009F0659 /* ExecutorTests.swift in Sources */,
				6BB9F56B20514317008C6C77 /* CancelableProcedureTests.swift in Sources */,
				6B9EB2571FCB2FEE009F0659 /* SinkSignalTests.swift in Sources */,
				6B730BCB2045E9620059D851 /* AtomicBoolTests.swift in Sources */,
				6B9EB2461FCB203B009F0659 /* DisposableTests.swift in Sources */,
				6BEB90131FCF2340001B9BF6 /* ConstantTests.swift in Sources */,
				6B008F47202490C400F93B32 /* BinderTests.swift in Sources */,
				6B9EB25D1FCB3D81009F0659 /* VariableTests.swift in Sources */,
				6B9EB2471FCB203B009F0659 /* DispatcherTests.swift in Sources */,
				6B9EB2481FCB203B009F0659 /* DispatcherContextTests.swift in Sources */,
				6B9EB2491FCB203B009F0659 /* DisposableScopeTests.swift in Sources */,
				6B9EB24A1FCB203B009F0659 /* StorageTests.swift in Sources */,
				6B9EB24B1FCB203B009F0659 /* AtomicReferenceTests.swift in Sources */,
			);
			runOnlyForDeploymentPostprocessing = 0;
		};
		6B9EB2261FCB157C009F0659 /* Sources */ = {
			isa = PBXSourcesBuildPhase;
			buildActionMask = 2147483647;
			files = (
				6BF3352520879A4C005FA3CF /* AtomicBool.swift in Sources */,
				6B9EB24C1FCB2078009F0659 /* Disposable.swift in Sources */,
				6BB30C4F2018E3CA00C52C76 /* Signal.swift in Sources */,
				6BC664F71FEC627E00BD74C8 /* SignalOperators.swift in Sources */,
				6BB30C4D2018E3AC00C52C76 /* Sink.swift in Sources */,
				6BB30C512018E3E700C52C76 /* Variable.swift in Sources */,
				6BF3352120879A4C005FA3CF /* CancelableProcedure.swift in Sources */,
				6BC664F51FEC5ABF00BD74C8 /* AnyDisposable.swift in Sources */,
				6BF3352320879A4C005FA3CF /* Lock.swift in Sources */,
				6B052E141FCB4EE2008B3731 /* Binder.swift in Sources */,
				6BEB901A1FCF2DB2001B9BF6 /* AssociatedDisposableScope.swift in Sources */,
				6B9EB24D1FCB2078009F0659 /* DisposableScope.swift in Sources */,
				6BB30C532018E41600C52C76 /* Constant.swift in Sources */,
				6BF3351F20879A4C005FA3CF /* Storage.swift in Sources */,
			);
			runOnlyForDeploymentPostprocessing = 0;
		};
/* End PBXSourcesBuildPhase section */

/* Begin PBXTargetDependency section */
		6B9E328D1FA639DF000B24D4 /* PBXTargetDependency */ = {
			isa = PBXTargetDependency;
			target = 6B9E32801FA639DF000B24D4 /* VueFlux */;
			targetProxy = 6B9E328C1FA639DF000B24D4 /* PBXContainerItemProxy */;
		};
		6B9EB2411FCB1FE2009F0659 /* PBXTargetDependency */ = {
			isa = PBXTargetDependency;
			target = 6B9EB2251FCB157C009F0659 /* VueFluxReactive */;
			targetProxy = 6B9EB2401FCB1FE2009F0659 /* PBXContainerItemProxy */;
		};
		6B9EB24F1FCB2105009F0659 /* PBXTargetDependency */ = {
			isa = PBXTargetDependency;
			target = 6B9E32801FA639DF000B24D4 /* VueFlux */;
			targetProxy = 6B9EB24E1FCB2105009F0659 /* PBXContainerItemProxy */;
		};
/* End PBXTargetDependency section */

/* Begin XCBuildConfiguration section */
		6B9E32931FA639DF000B24D4 /* Debug */ = {
			isa = XCBuildConfiguration;
			buildSettings = {
				ALWAYS_SEARCH_USER_PATHS = NO;
				CLANG_ANALYZER_NONNULL = YES;
				CLANG_ANALYZER_NUMBER_OBJECT_CONVERSION = YES_AGGRESSIVE;
				CLANG_CXX_LANGUAGE_STANDARD = "gnu++14";
				CLANG_CXX_LIBRARY = "libc++";
				CLANG_ENABLE_MODULES = YES;
				CLANG_ENABLE_OBJC_ARC = YES;
				CLANG_WARN_BLOCK_CAPTURE_AUTORELEASING = YES;
				CLANG_WARN_BOOL_CONVERSION = YES;
				CLANG_WARN_COMMA = YES;
				CLANG_WARN_CONSTANT_CONVERSION = YES;
				CLANG_WARN_DEPRECATED_OBJC_IMPLEMENTATIONS = YES;
				CLANG_WARN_DIRECT_OBJC_ISA_USAGE = YES_ERROR;
				CLANG_WARN_DOCUMENTATION_COMMENTS = YES;
				CLANG_WARN_EMPTY_BODY = YES;
				CLANG_WARN_ENUM_CONVERSION = YES;
				CLANG_WARN_INFINITE_RECURSION = YES;
				CLANG_WARN_INT_CONVERSION = YES;
				CLANG_WARN_NON_LITERAL_NULL_CONVERSION = YES;
				CLANG_WARN_OBJC_IMPLICIT_RETAIN_SELF = YES;
				CLANG_WARN_OBJC_LITERAL_CONVERSION = YES;
				CLANG_WARN_OBJC_ROOT_CLASS = YES_ERROR;
				CLANG_WARN_RANGE_LOOP_ANALYSIS = YES;
				CLANG_WARN_STRICT_PROTOTYPES = YES;
				CLANG_WARN_SUSPICIOUS_MOVE = YES;
				CLANG_WARN_UNGUARDED_AVAILABILITY = YES_AGGRESSIVE;
				CLANG_WARN_UNREACHABLE_CODE = YES;
				CLANG_WARN__DUPLICATE_METHOD_MATCH = YES;
				CODE_SIGN_IDENTITY = "";
				COPY_PHASE_STRIP = NO;
				CURRENT_PROJECT_VERSION = 1;
				DEBUG_INFORMATION_FORMAT = dwarf;
				ENABLE_STRICT_OBJC_MSGSEND = YES;
				ENABLE_TESTABILITY = YES;
				GCC_C_LANGUAGE_STANDARD = gnu11;
				GCC_DYNAMIC_NO_PIC = NO;
				GCC_NO_COMMON_BLOCKS = YES;
				GCC_OPTIMIZATION_LEVEL = s;
				GCC_PREPROCESSOR_DEFINITIONS = (
					"DEBUG=1",
					"$(inherited)",
				);
				GCC_WARN_64_TO_32_BIT_CONVERSION = YES;
				GCC_WARN_ABOUT_RETURN_TYPE = YES_ERROR;
				GCC_WARN_UNDECLARED_SELECTOR = YES;
				GCC_WARN_UNINITIALIZED_AUTOS = YES_AGGRESSIVE;
				GCC_WARN_UNUSED_FUNCTION = YES;
				GCC_WARN_UNUSED_VARIABLE = YES;
				IPHONEOS_DEPLOYMENT_TARGET = 9.0;
				MACOSX_DEPLOYMENT_TARGET = 10.9;
				MTL_ENABLE_DEBUG_INFO = YES;
				ONLY_ACTIVE_ARCH = YES;
				SDKROOT = iphoneos;
				SWIFT_ACTIVE_COMPILATION_CONDITIONS = DEBUG;
				SWIFT_OPTIMIZATION_LEVEL = "-Onone";
				SWIFT_VERSION = 4.2;
				TARGETED_DEVICE_FAMILY = "1,2,3,4";
				TVOS_DEPLOYMENT_TARGET = 9.0;
				VERSIONING_SYSTEM = "apple-generic";
				VERSION_INFO_PREFIX = "";
				WATCHOS_DEPLOYMENT_TARGET = 2.0;
			};
			name = Debug;
		};
		6B9E32941FA639DF000B24D4 /* Release */ = {
			isa = XCBuildConfiguration;
			buildSettings = {
				ALWAYS_SEARCH_USER_PATHS = NO;
				CLANG_ANALYZER_NONNULL = YES;
				CLANG_ANALYZER_NUMBER_OBJECT_CONVERSION = YES_AGGRESSIVE;
				CLANG_CXX_LANGUAGE_STANDARD = "gnu++14";
				CLANG_CXX_LIBRARY = "libc++";
				CLANG_ENABLE_MODULES = YES;
				CLANG_ENABLE_OBJC_ARC = YES;
				CLANG_WARN_BLOCK_CAPTURE_AUTORELEASING = YES;
				CLANG_WARN_BOOL_CONVERSION = YES;
				CLANG_WARN_COMMA = YES;
				CLANG_WARN_CONSTANT_CONVERSION = YES;
				CLANG_WARN_DEPRECATED_OBJC_IMPLEMENTATIONS = YES;
				CLANG_WARN_DIRECT_OBJC_ISA_USAGE = YES_ERROR;
				CLANG_WARN_DOCUMENTATION_COMMENTS = YES;
				CLANG_WARN_EMPTY_BODY = YES;
				CLANG_WARN_ENUM_CONVERSION = YES;
				CLANG_WARN_INFINITE_RECURSION = YES;
				CLANG_WARN_INT_CONVERSION = YES;
				CLANG_WARN_NON_LITERAL_NULL_CONVERSION = YES;
				CLANG_WARN_OBJC_IMPLICIT_RETAIN_SELF = YES;
				CLANG_WARN_OBJC_LITERAL_CONVERSION = YES;
				CLANG_WARN_OBJC_ROOT_CLASS = YES_ERROR;
				CLANG_WARN_RANGE_LOOP_ANALYSIS = YES;
				CLANG_WARN_STRICT_PROTOTYPES = YES;
				CLANG_WARN_SUSPICIOUS_MOVE = YES;
				CLANG_WARN_UNGUARDED_AVAILABILITY = YES_AGGRESSIVE;
				CLANG_WARN_UNREACHABLE_CODE = YES;
				CLANG_WARN__DUPLICATE_METHOD_MATCH = YES;
				CODE_SIGN_IDENTITY = "";
				COPY_PHASE_STRIP = NO;
				CURRENT_PROJECT_VERSION = 1;
				DEBUG_INFORMATION_FORMAT = "dwarf-with-dsym";
				ENABLE_NS_ASSERTIONS = NO;
				ENABLE_STRICT_OBJC_MSGSEND = YES;
				GCC_C_LANGUAGE_STANDARD = gnu11;
				GCC_NO_COMMON_BLOCKS = YES;
				GCC_OPTIMIZATION_LEVEL = s;
				GCC_WARN_64_TO_32_BIT_CONVERSION = YES;
				GCC_WARN_ABOUT_RETURN_TYPE = YES_ERROR;
				GCC_WARN_UNDECLARED_SELECTOR = YES;
				GCC_WARN_UNINITIALIZED_AUTOS = YES_AGGRESSIVE;
				GCC_WARN_UNUSED_FUNCTION = YES;
				GCC_WARN_UNUSED_VARIABLE = YES;
				IPHONEOS_DEPLOYMENT_TARGET = 9.0;
				MACOSX_DEPLOYMENT_TARGET = 10.9;
				MTL_ENABLE_DEBUG_INFO = NO;
				SDKROOT = iphoneos;
				SWIFT_OPTIMIZATION_LEVEL = "-Owholemodule";
				SWIFT_VERSION = 4.2;
				TARGETED_DEVICE_FAMILY = "1,2,3,4";
				TVOS_DEPLOYMENT_TARGET = 9.0;
				VALIDATE_PRODUCT = YES;
				VERSIONING_SYSTEM = "apple-generic";
				VERSION_INFO_PREFIX = "";
				WATCHOS_DEPLOYMENT_TARGET = 2.0;
			};
			name = Release;
		};
		6B9E32961FA639DF000B24D4 /* Debug */ = {
			isa = XCBuildConfiguration;
			baseConfigurationReference = 6BB2AC112161408A00D54781 /* Main.xcconfig */;
			buildSettings = {
				APPLICATION_EXTENSION_API_ONLY = "$(inherited)";
				CODE_SIGN_IDENTITY = "";
				CODE_SIGN_STYLE = Manual;
				DEFINES_MODULE = "$(inherited)";
				DEVELOPMENT_TEAM = "";
				DYLIB_COMPATIBILITY_VERSION = "$(inherited)";
				DYLIB_CURRENT_VERSION = "$(inherited)";
				DYLIB_INSTALL_NAME_BASE = "$(inherited)";
				INFOPLIST_FILE = "$(SRCROOT)/VueFlux/Info.plist";
				INSTALL_PATH = "$(inherited)";
				IPHONEOS_DEPLOYMENT_TARGET = 9.0;
				LD_RUNPATH_SEARCH_PATHS = "$(inherited)";
				MACOSX_DEPLOYMENT_TARGET = 10.9;
				PRODUCT_BUNDLE_IDENTIFIER = com.ryo.VueFlux;
				PRODUCT_NAME = "$(TARGET_NAME:c99extidentifier)";
				PROVISIONING_PROFILE_SPECIFIER = "";
				SDKROOT = "$(inherited)";
				SKIP_INSTALL = "$(inherited)";
				SUPPORTED_PLATFORMS = "$(inherited)";
				SWIFT_VERSION = 4.2;
				TARGETED_DEVICE_FAMILY = "$(inherited)";
				TVOS_DEPLOYMENT_TARGET = 9.0;
				VALID_ARCHS = "$(inherited)";
				WATCHOS_DEPLOYMENT_TARGET = 2.0;
			};
			name = Debug;
		};
		6B9E32971FA639DF000B24D4 /* Release */ = {
			isa = XCBuildConfiguration;
			baseConfigurationReference = 6BB2AC112161408A00D54781 /* Main.xcconfig */;
			buildSettings = {
				APPLICATION_EXTENSION_API_ONLY = "$(inherited)";
				CODE_SIGN_IDENTITY = "";
				CODE_SIGN_STYLE = Manual;
				DEFINES_MODULE = "$(inherited)";
				DEVELOPMENT_TEAM = "";
				DYLIB_COMPATIBILITY_VERSION = "$(inherited)";
				DYLIB_CURRENT_VERSION = "$(inherited)";
				DYLIB_INSTALL_NAME_BASE = "$(inherited)";
				ENABLE_TESTABILITY = NO;
				INFOPLIST_FILE = "$(SRCROOT)/VueFlux/Info.plist";
				INSTALL_PATH = "$(inherited)";
				IPHONEOS_DEPLOYMENT_TARGET = 9.0;
				LD_RUNPATH_SEARCH_PATHS = "$(inherited)";
				MACOSX_DEPLOYMENT_TARGET = 10.9;
				PRODUCT_BUNDLE_IDENTIFIER = com.ryo.VueFlux;
				PRODUCT_NAME = "$(TARGET_NAME:c99extidentifier)";
				PROVISIONING_PROFILE_SPECIFIER = "";
				SDKROOT = "$(inherited)";
				SKIP_INSTALL = "$(inherited)";
				SUPPORTED_PLATFORMS = "$(inherited)";
				SWIFT_VERSION = 4.2;
				TARGETED_DEVICE_FAMILY = "$(inherited)";
				TVOS_DEPLOYMENT_TARGET = 9.0;
				VALID_ARCHS = "$(inherited)";
				WATCHOS_DEPLOYMENT_TARGET = 2.0;
			};
			name = Release;
		};
		6B9E32991FA639DF000B24D4 /* Debug */ = {
			isa = XCBuildConfiguration;
			baseConfigurationReference = 6BB2AC102161405A00D54781 /* Test.xcconfig */;
			buildSettings = {
				ALWAYS_EMBED_SWIFT_STANDARD_LIBRARIES = YES;
				CODE_SIGNING_REQUIRED = NO;
				CODE_SIGN_IDENTITY = "";
				CODE_SIGN_STYLE = Manual;
				DEVELOPMENT_TEAM = "";
				INFOPLIST_FILE = "$(SRCROOT)/Tests/Info.plist";
				IPHONEOS_DEPLOYMENT_TARGET = 9.0;
				LD_RUNPATH_SEARCH_PATHS = "$(inherited) @executable_path/../Frameworks @loader_path/Frameworks @loader_path/../Frameworks";
				MACOSX_DEPLOYMENT_TARGET = 10.9;
				PRODUCT_BUNDLE_IDENTIFIER = com.ryo.VueFluxTests;
				PRODUCT_NAME = "$(TARGET_NAME)";
				PROVISIONING_PROFILE_SPECIFIER = "";
				SDKROOT = "";
				SUPPORTED_PLATFORMS = "macosx iphoneos iphonesimulator watchos watchsimulator appletvos appletvsimulator";
				SWIFT_VERSION = 4.2;
				TARGETED_DEVICE_FAMILY = "1,2,3,4";
				TVOS_DEPLOYMENT_TARGET = 9.0;
				VALID_ARCHS = "$(inherited)";
				WATCHOS_DEPLOYMENT_TARGET = 2.0;
			};
			name = Debug;
		};
		6B9E329A1FA639DF000B24D4 /* Release */ = {
			isa = XCBuildConfiguration;
			baseConfigurationReference = 6BB2AC102161405A00D54781 /* Test.xcconfig */;
			buildSettings = {
				ALWAYS_EMBED_SWIFT_STANDARD_LIBRARIES = YES;
				CODE_SIGNING_REQUIRED = NO;
				CODE_SIGN_IDENTITY = "";
				CODE_SIGN_STYLE = Manual;
				DEVELOPMENT_TEAM = "";
				INFOPLIST_FILE = "$(SRCROOT)/Tests/Info.plist";
				IPHONEOS_DEPLOYMENT_TARGET = 9.0;
				LD_RUNPATH_SEARCH_PATHS = "$(inherited) @executable_path/../Frameworks @loader_path/Frameworks @loader_path/../Frameworks";
				MACOSX_DEPLOYMENT_TARGET = 10.9;
				PRODUCT_BUNDLE_IDENTIFIER = com.ryo.VueFluxTests;
				PRODUCT_NAME = "$(TARGET_NAME)";
				PROVISIONING_PROFILE_SPECIFIER = "";
				SDKROOT = "";
				SUPPORTED_PLATFORMS = "macosx iphoneos iphonesimulator watchos watchsimulator appletvos appletvsimulator";
				SWIFT_VERSION = 4.2;
				TARGETED_DEVICE_FAMILY = "1,2,3,4";
				TVOS_DEPLOYMENT_TARGET = 9.0;
				VALID_ARCHS = "$(inherited)";
				WATCHOS_DEPLOYMENT_TARGET = 2.0;
			};
			name = Release;
		};
		6B9EB2341FCB157C009F0659 /* Debug */ = {
			isa = XCBuildConfiguration;
			baseConfigurationReference = 6BB2AC112161408A00D54781 /* Main.xcconfig */;
			buildSettings = {
				APPLICATION_EXTENSION_API_ONLY = "$(inherited)";
				CODE_SIGN_IDENTITY = "";
				CODE_SIGN_STYLE = Manual;
				DEFINES_MODULE = "$(inherited)";
				DEVELOPMENT_TEAM = "";
				DYLIB_COMPATIBILITY_VERSION = "$(inherited)";
				DYLIB_CURRENT_VERSION = "$(inherited)";
				DYLIB_INSTALL_NAME_BASE = "$(inherited)";
				INFOPLIST_FILE = "$(SRCROOT)/VueFlux/Info.plist";
				INSTALL_PATH = "$(inherited)";
				IPHONEOS_DEPLOYMENT_TARGET = 9.0;
				LD_RUNPATH_SEARCH_PATHS = "$(inherited)";
				MACOSX_DEPLOYMENT_TARGET = 10.9;
				PRODUCT_BUNDLE_IDENTIFIER = com.ryo.VueFluxReactive;
				PRODUCT_NAME = "$(TARGET_NAME:c99extidentifier)";
				PROVISIONING_PROFILE_SPECIFIER = "";
				SDKROOT = "$(inherited)";
				SKIP_INSTALL = "$(inherited)";
				SUPPORTED_PLATFORMS = "$(inherited)";
				SWIFT_VERSION = 4.2;
				TARGETED_DEVICE_FAMILY = "$(inherited)";
				TVOS_DEPLOYMENT_TARGET = 9.0;
				VALID_ARCHS = "$(inherited)";
				WATCHOS_DEPLOYMENT_TARGET = 2.0;
			};
			name = Debug;
		};
		6B9EB2351FCB157C009F0659 /* Release */ = {
			isa = XCBuildConfiguration;
			baseConfigurationReference = 6BB2AC112161408A00D54781 /* Main.xcconfig */;
			buildSettings = {
				APPLICATION_EXTENSION_API_ONLY = "$(inherited)";
				CODE_SIGN_IDENTITY = "";
				CODE_SIGN_STYLE = Manual;
				DEFINES_MODULE = "$(inherited)";
				DEVELOPMENT_TEAM = "";
				DYLIB_COMPATIBILITY_VERSION = "$(inherited)";
				DYLIB_CURRENT_VERSION = "$(inherited)";
				DYLIB_INSTALL_NAME_BASE = "$(inherited)";
				ENABLE_TESTABILITY = NO;
				INFOPLIST_FILE = "$(SRCROOT)/VueFlux/Info.plist";
				INSTALL_PATH = "$(inherited)";
				IPHONEOS_DEPLOYMENT_TARGET = 9.0;
				LD_RUNPATH_SEARCH_PATHS = "$(inherited)";
				MACOSX_DEPLOYMENT_TARGET = 10.9;
				PRODUCT_BUNDLE_IDENTIFIER = com.ryo.VueFluxReactive;
				PRODUCT_NAME = "$(TARGET_NAME:c99extidentifier)";
				PROVISIONING_PROFILE_SPECIFIER = "";
				SDKROOT = "$(inherited)";
				SKIP_INSTALL = "$(inherited)";
				SUPPORTED_PLATFORMS = "$(inherited)";
				SWIFT_VERSION = 4.2;
				TARGETED_DEVICE_FAMILY = "$(inherited)";
				TVOS_DEPLOYMENT_TARGET = 9.0;
				VALID_ARCHS = "$(inherited)";
				WATCHOS_DEPLOYMENT_TARGET = 2.0;
			};
			name = Release;
		};
/* End XCBuildConfiguration section */

/* Begin XCConfigurationList section */
		6B9E327B1FA639DF000B24D4 /* Build configuration list for PBXProject "VueFlux" */ = {
			isa = XCConfigurationList;
			buildConfigurations = (
				6B9E32931FA639DF000B24D4 /* Debug */,
				6B9E32941FA639DF000B24D4 /* Release */,
			);
			defaultConfigurationIsVisible = 0;
			defaultConfigurationName = Release;
		};
		6B9E32951FA639DF000B24D4 /* Build configuration list for PBXNativeTarget "VueFlux" */ = {
			isa = XCConfigurationList;
			buildConfigurations = (
				6B9E32961FA639DF000B24D4 /* Debug */,
				6B9E32971FA639DF000B24D4 /* Release */,
			);
			defaultConfigurationIsVisible = 0;
			defaultConfigurationName = Release;
		};
		6B9E32981FA639DF000B24D4 /* Build configuration list for PBXNativeTarget "Tests" */ = {
			isa = XCConfigurationList;
			buildConfigurations = (
				6B9E32991FA639DF000B24D4 /* Debug */,
				6B9E329A1FA639DF000B24D4 /* Release */,
			);
			defaultConfigurationIsVisible = 0;
			defaultConfigurationName = Release;
		};
		6B9EB2331FCB157C009F0659 /* Build configuration list for PBXNativeTarget "VueFluxReactive" */ = {
			isa = XCConfigurationList;
			buildConfigurations = (
				6B9EB2341FCB157C009F0659 /* Debug */,
				6B9EB2351FCB157C009F0659 /* Release */,
			);
			defaultConfigurationIsVisible = 0;
			defaultConfigurationName = Release;
		};
/* End XCConfigurationList section */
	};
	rootObject = 6B9E32781FA639DF000B24D4 /* Project object */;
}
