// !$*UTF8*$!
{
	archiveVersion = 1;
	classes = {
	};
	objectVersion = 48;
	objects = {

/* Begin PBXBuildFile section */
		6B052E0D1FCB4DF4008B3731 /* VueFluxReactive.framework in Frameworks */ = {isa = PBXBuildFile; fileRef = 6B052E0C1FCB4DEF008B3731 /* VueFluxReactive.framework */; };
		6B052E0E1FCB4DF4008B3731 /* VueFluxReactive.framework in Embed Frameworks */ = {isa = PBXBuildFile; fileRef = 6B052E0C1FCB4DEF008B3731 /* VueFluxReactive.framework */; settings = {ATTRIBUTES = (CodeSignOnCopy, RemoveHeadersOnCopy, ); }; };
		6BDD91ED1FCB767E009E2482 /* VueFlux.framework in Frameworks */ = {isa = PBXBuildFile; fileRef = 6B9F51E21FBF2F4F00252804 /* VueFlux.framework */; };
		6BDD91EE1FCB767E009E2482 /* VueFlux.framework in Embed Frameworks */ = {isa = PBXBuildFile; fileRef = 6B9F51E21FBF2F4F00252804 /* VueFlux.framework */; settings = {ATTRIBUTES = (CodeSignOnCopy, RemoveHeadersOnCopy, ); }; };
		6BEDA6031FBA1F0800F03699 /* AppDelegate.swift in Sources */ = {isa = PBXBuildFile; fileRef = 6BEDA5F81FBA1E2700F03699 /* AppDelegate.swift */; };
		6BEDA6041FBA1F0800F03699 /* Assets.xcassets in Resources */ = {isa = PBXBuildFile; fileRef = 6BEDA5F91FBA1E2700F03699 /* Assets.xcassets */; };
		6BEDA6051FBA1F0800F03699 /* CounterActions.swift in Sources */ = {isa = PBXBuildFile; fileRef = 6BEDA5FA1FBA1E2700F03699 /* CounterActions.swift */; };
		6BEDA6061FBA1F0800F03699 /* CounterState.swift in Sources */ = {isa = PBXBuildFile; fileRef = 6BEDA5FB1FBA1E2700F03699 /* CounterState.swift */; };
		6BEDA6071FBA1F0800F03699 /* CounterViewController.storyboard in Resources */ = {isa = PBXBuildFile; fileRef = 6BEDA5FC1FBA1E2700F03699 /* CounterViewController.storyboard */; };
		6BEDA6081FBA1F0800F03699 /* CounterViewController.swift in Sources */ = {isa = PBXBuildFile; fileRef = 6BEDA5FD1FBA1E2700F03699 /* CounterViewController.swift */; };
		6BEDA6191FBA219700F03699 /* GenericComponents.framework in Frameworks */ = {isa = PBXBuildFile; fileRef = 6BEDA6181FBA219700F03699 /* GenericComponents.framework */; };
		6BEDA61A1FBA219700F03699 /* GenericComponents.framework in Embed Frameworks */ = {isa = PBXBuildFile; fileRef = 6BEDA6181FBA219700F03699 /* GenericComponents.framework */; settings = {ATTRIBUTES = (CodeSignOnCopy, RemoveHeadersOnCopy, ); }; };
/* End PBXBuildFile section */

/* Begin PBXContainerItemProxy section */
		6B052E0B1FCB4DEF008B3731 /* PBXContainerItemProxy */ = {
			isa = PBXContainerItemProxy;
			containerPortal = 6B9F51DC1FBF2F4F00252804 /* VueFlux.xcodeproj */;
			proxyType = 2;
			remoteGlobalIDString = 6B9EB2361FCB157C009F0659;
			remoteInfo = VueFluxReactive;
		};
		6B052E0F1FCB4DF4008B3731 /* PBXContainerItemProxy */ = {
			isa = PBXContainerItemProxy;
			containerPortal = 6B9F51DC1FBF2F4F00252804 /* VueFlux.xcodeproj */;
			proxyType = 1;
			remoteGlobalIDString = 6B9EB2251FCB157C009F0659;
			remoteInfo = VueFluxReactive;
		};
		6B9F51D41FBF2F3800252804 /* PBXContainerItemProxy */ = {
			isa = PBXContainerItemProxy;
			containerPortal = 6B9F51D01FBF2F3800252804 /* GenericComponents.xcodeproj */;
			proxyType = 2;
			remoteGlobalIDString = 6BF9DEEF1FBA1BCA00C4BCFD;
			remoteInfo = GenericComponents;
		};
		6B9F51E11FBF2F4F00252804 /* PBXContainerItemProxy */ = {
			isa = PBXContainerItemProxy;
			containerPortal = 6B9F51DC1FBF2F4F00252804 /* VueFlux.xcodeproj */;
			proxyType = 2;
			remoteGlobalIDString = 6B9E32811FA639DF000B24D4;
			remoteInfo = VueFlux;
		};
		6B9F51E31FBF2F4F00252804 /* PBXContainerItemProxy */ = {
			isa = PBXContainerItemProxy;
			containerPortal = 6B9F51DC1FBF2F4F00252804 /* VueFlux.xcodeproj */;
			proxyType = 2;
			remoteGlobalIDString = 6B9E328A1FA639DF000B24D4;
			remoteInfo = VueFluxTests;
		};
		6BDD91EF1FCB767E009E2482 /* PBXContainerItemProxy */ = {
			isa = PBXContainerItemProxy;
			containerPortal = 6B9F51DC1FBF2F4F00252804 /* VueFlux.xcodeproj */;
			proxyType = 1;
			remoteGlobalIDString = 6B9E32801FA639DF000B24D4;
			remoteInfo = VueFlux;
		};
/* End PBXContainerItemProxy section */

/* Begin PBXCopyFilesBuildPhase section */
		6BEDA6021FBA1EFD00F03699 /* Embed Frameworks */ = {
			isa = PBXCopyFilesBuildPhase;
			buildActionMask = 2147483647;
			dstPath = "";
			dstSubfolderSpec = 10;
			files = (
				6BDD91EE1FCB767E009E2482 /* VueFlux.framework in Embed Frameworks */,
				6BEDA61A1FBA219700F03699 /* GenericComponents.framework in Embed Frameworks */,
				6B052E0E1FCB4DF4008B3731 /* VueFluxReactive.framework in Embed Frameworks */,
			);
			name = "Embed Frameworks";
			runOnlyForDeploymentPostprocessing = 0;
		};
/* End PBXCopyFilesBuildPhase section */

/* Begin PBXFileReference section */
		6B9F51D01FBF2F3800252804 /* GenericComponents.xcodeproj */ = {isa = PBXFileReference; lastKnownFileType = "wrapper.pb-project"; name = GenericComponents.xcodeproj; path = ../GenericComponents/GenericComponents.xcodeproj; sourceTree = "<group>"; };
		6B9F51DC1FBF2F4F00252804 /* VueFlux.xcodeproj */ = {isa = PBXFileReference; lastKnownFileType = "wrapper.pb-project"; name = VueFlux.xcodeproj; path = ../../VueFlux.xcodeproj; sourceTree = "<group>"; };
		6BEDA5E21FBA1DFE00F03699 /* Example.app */ = {isa = PBXFileReference; explicitFileType = wrapper.application; includeInIndex = 0; path = Example.app; sourceTree = BUILT_PRODUCTS_DIR; };
		6BEDA5F81FBA1E2700F03699 /* AppDelegate.swift */ = {isa = PBXFileReference; lastKnownFileType = sourcecode.swift; path = AppDelegate.swift; sourceTree = "<group>"; };
		6BEDA5F91FBA1E2700F03699 /* Assets.xcassets */ = {isa = PBXFileReference; lastKnownFileType = folder.assetcatalog; path = Assets.xcassets; sourceTree = "<group>"; };
		6BEDA5FA1FBA1E2700F03699 /* CounterActions.swift */ = {isa = PBXFileReference; lastKnownFileType = sourcecode.swift; path = CounterActions.swift; sourceTree = "<group>"; };
		6BEDA5FB1FBA1E2700F03699 /* CounterState.swift */ = {isa = PBXFileReference; lastKnownFileType = sourcecode.swift; path = CounterState.swift; sourceTree = "<group>"; };
		6BEDA5FC1FBA1E2700F03699 /* CounterViewController.storyboard */ = {isa = PBXFileReference; lastKnownFileType = file.storyboard; path = CounterViewController.storyboard; sourceTree = "<group>"; };
		6BEDA5FD1FBA1E2700F03699 /* CounterViewController.swift */ = {isa = PBXFileReference; lastKnownFileType = sourcecode.swift; path = CounterViewController.swift; sourceTree = "<group>"; };
		6BEDA5FE1FBA1E2700F03699 /* Info.plist */ = {isa = PBXFileReference; lastKnownFileType = text.plist.xml; path = Info.plist; sourceTree = "<group>"; };
		6BEDA5FF1FBA1EFD00F03699 /* VueFlux.framework */ = {isa = PBXFileReference; explicitFileType = wrapper.framework; path = VueFlux.framework; sourceTree = BUILT_PRODUCTS_DIR; };
		6BEDA6181FBA219700F03699 /* GenericComponents.framework */ = {isa = PBXFileReference; explicitFileType = wrapper.framework; path = GenericComponents.framework; sourceTree = BUILT_PRODUCTS_DIR; };
/* End PBXFileReference section */

/* Begin PBXFrameworksBuildPhase section */
		6BEDA5DF1FBA1DFE00F03699 /* Frameworks */ = {
			isa = PBXFrameworksBuildPhase;
			buildActionMask = 2147483647;
			files = (
				6BDD91ED1FCB767E009E2482 /* VueFlux.framework in Frameworks */,
				6BEDA6191FBA219700F03699 /* GenericComponents.framework in Frameworks */,
				6B052E0D1FCB4DF4008B3731 /* VueFluxReactive.framework in Frameworks */,
			);
			runOnlyForDeploymentPostprocessing = 0;
		};
/* End PBXFrameworksBuildPhase section */

/* Begin PBXGroup section */
		6B9F51D11FBF2F3800252804 /* Products */ = {
			isa = PBXGroup;
			children = (
				6B9F51D51FBF2F3800252804 /* GenericComponents.framework */,
			);
			name = Products;
			sourceTree = "<group>";
		};
		6B9F51DD1FBF2F4F00252804 /* Products */ = {
			isa = PBXGroup;
			children = (
				6B9F51E21FBF2F4F00252804 /* VueFlux.framework */,
				6B052E0C1FCB4DEF008B3731 /* VueFluxReactive.framework */,
				6B9F51E41FBF2F4F00252804 /* Tests.xctest */,
			);
			name = Products;
			sourceTree = "<group>";
		};
		6BEDA5D91FBA1DFE00F03699 = {
			isa = PBXGroup;
			children = (
				6B9F51DC1FBF2F4F00252804 /* VueFlux.xcodeproj */,
				6B9F51D01FBF2F3800252804 /* GenericComponents.xcodeproj */,
				6BEDA5F71FBA1E2700F03699 /* Sources */,
				6BEDA5E31FBA1DFE00F03699 /* Products */,
				6BEDA6181FBA219700F03699 /* GenericComponents.framework */,
				6BEDA5FF1FBA1EFD00F03699 /* VueFlux.framework */,
			);
			sourceTree = "<group>";
		};
		6BEDA5E31FBA1DFE00F03699 /* Products */ = {
			isa = PBXGroup;
			children = (
				6BEDA5E21FBA1DFE00F03699 /* Example.app */,
			);
			name = Products;
			sourceTree = "<group>";
		};
		6BEDA5F71FBA1E2700F03699 /* Sources */ = {
			isa = PBXGroup;
			children = (
				6BEDA5F81FBA1E2700F03699 /* AppDelegate.swift */,
				6BEDA5F91FBA1E2700F03699 /* Assets.xcassets */,
				6BEDA5FA1FBA1E2700F03699 /* CounterActions.swift */,
				6BEDA5FB1FBA1E2700F03699 /* CounterState.swift */,
				6BEDA5FD1FBA1E2700F03699 /* CounterViewController.swift */,
				6BEDA5FC1FBA1E2700F03699 /* CounterViewController.storyboard */,
				6BEDA5FE1FBA1E2700F03699 /* Info.plist */,
			);
			path = Sources;
			sourceTree = "<group>";
		};
/* End PBXGroup section */

/* Begin PBXNativeTarget section */
		6BEDA5E11FBA1DFE00F03699 /* Example */ = {
			isa = PBXNativeTarget;
			buildConfigurationList = 6BEDA5F41FBA1DFE00F03699 /* Build configuration list for PBXNativeTarget "Example" */;
			buildPhases = (
				6BEDA5DE1FBA1DFE00F03699 /* Sources */,
				6BEDA5DF1FBA1DFE00F03699 /* Frameworks */,
				6BEDA5E01FBA1DFE00F03699 /* Resources */,
				6BEDA6021FBA1EFD00F03699 /* Embed Frameworks */,
			);
			buildRules = (
			);
			dependencies = (
				6B052E101FCB4DF4008B3731 /* PBXTargetDependency */,
				6BDD91F01FCB767E009E2482 /* PBXTargetDependency */,
			);
			name = Example;
			productName = Example;
			productReference = 6BEDA5E21FBA1DFE00F03699 /* Example.app */;
			productType = "com.apple.product-type.application";
		};
/* End PBXNativeTarget section */

/* Begin PBXProject section */
		6BEDA5DA1FBA1DFE00F03699 /* Project object */ = {
			isa = PBXProject;
			attributes = {
				LastSwiftUpdateCheck = 0900;
				LastUpgradeCheck = 0900;
				ORGANIZATIONNAME = "Ryo Aoyama";
				TargetAttributes = {
					6BEDA5E11FBA1DFE00F03699 = {
						CreatedOnToolsVersion = 9.0;
						ProvisioningStyle = Manual;
					};
				};
			};
			buildConfigurationList = 6BEDA5DD1FBA1DFE00F03699 /* Build configuration list for PBXProject "Example" */;
			compatibilityVersion = "Xcode 8.0";
			developmentRegion = en;
			hasScannedForEncodings = 0;
			knownRegions = (
				en,
				Base,
			);
			mainGroup = 6BEDA5D91FBA1DFE00F03699;
			productRefGroup = 6BEDA5E31FBA1DFE00F03699 /* Products */;
			projectDirPath = "";
			projectReferences = (
				{
					ProductGroup = 6B9F51D11FBF2F3800252804 /* Products */;
					ProjectRef = 6B9F51D01FBF2F3800252804 /* GenericComponents.xcodeproj */;
				},
				{
					ProductGroup = 6B9F51DD1FBF2F4F00252804 /* Products */;
					ProjectRef = 6B9F51DC1FBF2F4F00252804 /* VueFlux.xcodeproj */;
				},
			);
			projectRoot = "";
			targets = (
				6BEDA5E11FBA1DFE00F03699 /* Example */,
			);
		};
/* End PBXProject section */

/* Begin PBXReferenceProxy section */
		6B052E0C1FCB4DEF008B3731 /* VueFluxReactive.framework */ = {
			isa = PBXReferenceProxy;
			fileType = wrapper.framework;
			path = VueFluxReactive.framework;
			remoteRef = 6B052E0B1FCB4DEF008B3731 /* PBXContainerItemProxy */;
			sourceTree = BUILT_PRODUCTS_DIR;
		};
		6B9F51D51FBF2F3800252804 /* GenericComponents.framework */ = {
			isa = PBXReferenceProxy;
			fileType = wrapper.framework;
			path = GenericComponents.framework;
			remoteRef = 6B9F51D41FBF2F3800252804 /* PBXContainerItemProxy */;
			sourceTree = BUILT_PRODUCTS_DIR;
		};
		6B9F51E21FBF2F4F00252804 /* VueFlux.framework */ = {
			isa = PBXReferenceProxy;
			fileType = wrapper.framework;
			path = VueFlux.framework;
			remoteRef = 6B9F51E11FBF2F4F00252804 /* PBXContainerItemProxy */;
			sourceTree = BUILT_PRODUCTS_DIR;
		};
		6B9F51E41FBF2F4F00252804 /* Tests.xctest */ = {
			isa = PBXReferenceProxy;
			fileType = wrapper.cfbundle;
			path = Tests.xctest;
			remoteRef = 6B9F51E31FBF2F4F00252804 /* PBXContainerItemProxy */;
			sourceTree = BUILT_PRODUCTS_DIR;
		};
/* End PBXReferenceProxy section */

/* Begin PBXResourcesBuildPhase section */
		6BEDA5E01FBA1DFE00F03699 /* Resources */ = {
			isa = PBXResourcesBuildPhase;
			buildActionMask = 2147483647;
			files = (
				6BEDA6071FBA1F0800F03699 /* CounterViewController.storyboard in Resources */,
				6BEDA6041FBA1F0800F03699 /* Assets.xcassets in Resources */,
			);
			runOnlyForDeploymentPostprocessing = 0;
		};
/* End PBXResourcesBuildPhase section */

/* Begin PBXSourcesBuildPhase section */
		6BEDA5DE1FBA1DFE00F03699 /* Sources */ = {
			isa = PBXSourcesBuildPhase;
			buildActionMask = 2147483647;
			files = (
				6BEDA6061FBA1F0800F03699 /* CounterState.swift in Sources */,
				6BEDA6081FBA1F0800F03699 /* CounterViewController.swift in Sources */,
				6BEDA6051FBA1F0800F03699 /* CounterActions.swift in Sources */,
				6BEDA6031FBA1F0800F03699 /* AppDelegate.swift in Sources */,
			);
			runOnlyForDeploymentPostprocessing = 0;
		};
/* End PBXSourcesBuildPhase section */

/* Begin PBXTargetDependency section */
		6B052E101FCB4DF4008B3731 /* PBXTargetDependency */ = {
			isa = PBXTargetDependency;
			name = VueFluxReactive;
			targetProxy = 6B052E0F1FCB4DF4008B3731 /* PBXContainerItemProxy */;
		};
		6BDD91F01FCB767E009E2482 /* PBXTargetDependency */ = {
			isa = PBXTargetDependency;
			name = VueFlux;
			targetProxy = 6BDD91EF1FCB767E009E2482 /* PBXContainerItemProxy */;
		};
/* End PBXTargetDependency section */

/* Begin XCBuildConfiguration section */
		6BEDA5F21FBA1DFE00F03699 /* Debug */ = {
			isa = XCBuildConfiguration;
			buildSettings = {
				ALWAYS_SEARCH_USER_PATHS = NO;
				CLANG_ANALYZER_NONNULL = YES;
				CLANG_ANALYZER_NUMBER_OBJECT_CONVERSION = YES_AGGRESSIVE;
				CLANG_CXX_LANGUAGE_STANDARD = "gnu++14";
				CLANG_CXX_LIBRARY = "libc++";
				CLANG_ENABLE_MODULES = YES;
				CLANG_ENABLE_OBJC_ARC = YES;
				CLANG_WARN_BLOCK_CAPTURE_AUTORELEASING = YES;
				CLANG_WARN_BOOL_CONVERSION = YES;
				CLANG_WARN_COMMA = YES;
				CLANG_WARN_CONSTANT_CONVERSION = YES;
				CLANG_WARN_DIRECT_OBJC_ISA_USAGE = YES_ERROR;
				CLANG_WARN_DOCUMENTATION_COMMENTS = YES;
				CLANG_WARN_EMPTY_BODY = YES;
				CLANG_WARN_ENUM_CONVERSION = YES;
				CLANG_WARN_INFINITE_RECURSION = YES;
				CLANG_WARN_INT_CONVERSION = YES;
				CLANG_WARN_NON_LITERAL_NULL_CONVERSION = YES;
				CLANG_WARN_OBJC_LITERAL_CONVERSION = YES;
				CLANG_WARN_OBJC_ROOT_CLASS = YES_ERROR;
				CLANG_WARN_RANGE_LOOP_ANALYSIS = YES;
				CLANG_WARN_STRICT_PROTOTYPES = YES;
				CLANG_WARN_SUSPICIOUS_MOVE = YES;
				CLANG_WARN_UNGUARDED_AVAILABILITY = YES_AGGRESSIVE;
				CLANG_WARN_UNREACHABLE_CODE = YES;
				CLANG_WARN__DUPLICATE_METHOD_MATCH = YES;
				CODE_SIGN_IDENTITY = "iPhone Developer";
				COPY_PHASE_STRIP = NO;
				DEBUG_INFORMATION_FORMAT = dwarf;
				ENABLE_STRICT_OBJC_MSGSEND = YES;
				ENABLE_TESTABILITY = YES;
				GCC_C_LANGUAGE_STANDARD = gnu11;
				GCC_DYNAMIC_NO_PIC = NO;
				GCC_NO_COMMON_BLOCKS = YES;
				GCC_OPTIMIZATION_LEVEL = 0;
				GCC_PREPROCESSOR_DEFINITIONS = (
					"DEBUG=1",
					"$(inherited)",
				);
				GCC_WARN_64_TO_32_BIT_CONVERSION = YES;
				GCC_WARN_ABOUT_RETURN_TYPE = YES_ERROR;
				GCC_WARN_UNDECLARED_SELECTOR = YES;
				GCC_WARN_UNINITIALIZED_AUTOS = YES_AGGRESSIVE;
				GCC_WARN_UNUSED_FUNCTION = YES;
				GCC_WARN_UNUSED_VARIABLE = YES;
				IPHONEOS_DEPLOYMENT_TARGET = 11.0;
				MTL_ENABLE_DEBUG_INFO = YES;
				ONLY_ACTIVE_ARCH = YES;
				SDKROOT = iphoneos;
				SWIFT_ACTIVE_COMPILATION_CONDITIONS = DEBUG;
				SWIFT_OPTIMIZATION_LEVEL = "-Onone";
			};
			name = Debug;
		};
		6BEDA5F31FBA1DFE00F03699 /* Release */ = {
			isa = XCBuildConfiguration;
			buildSettings = {
				ALWAYS_SEARCH_USER_PATHS = NO;
				CLANG_ANALYZER_NONNULL = YES;
				CLANG_ANALYZER_NUMBER_OBJECT_CONVERSION = YES_AGGRESSIVE;
				CLANG_CXX_LANGUAGE_STANDARD = "gnu++14";
				CLANG_CXX_LIBRARY = "libc++";
				CLANG_ENABLE_MODULES = YES;
				CLANG_ENABLE_OBJC_ARC = YES;
				CLANG_WARN_BLOCK_CAPTURE_AUTORELEASING = YES;
				CLANG_WARN_BOOL_CONVERSION = YES;
				CLANG_WARN_COMMA = YES;
				CLANG_WARN_CONSTANT_CONVERSION = YES;
				CLANG_WARN_DIRECT_OBJC_ISA_USAGE = YES_ERROR;
				CLANG_WARN_DOCUMENTATION_COMMENTS = YES;
				CLANG_WARN_EMPTY_BODY = YES;
				CLANG_WARN_ENUM_CONVERSION = YES;
				CLANG_WARN_INFINITE_RECURSION = YES;
				CLANG_WARN_INT_CONVERSION = YES;
				CLANG_WARN_NON_LITERAL_NULL_CONVERSION = YES;
				CLANG_WARN_OBJC_LITERAL_CONVERSION = YES;
				CLANG_WARN_OBJC_ROOT_CLASS = YES_ERROR;
				CLANG_WARN_RANGE_LOOP_ANALYSIS = YES;
				CLANG_WARN_STRICT_PROTOTYPES = YES;
				CLANG_WARN_SUSPICIOUS_MOVE = YES;
				CLANG_WARN_UNGUARDED_AVAILABILITY = YES_AGGRESSIVE;
				CLANG_WARN_UNREACHABLE_CODE = YES;
				CLANG_WARN__DUPLICATE_METHOD_MATCH = YES;
				CODE_SIGN_IDENTITY = "iPhone Developer";
				COPY_PHASE_STRIP = NO;
				DEBUG_INFORMATION_FORMAT = "dwarf-with-dsym";
				ENABLE_NS_ASSERTIONS = NO;
				ENABLE_STRICT_OBJC_MSGSEND = YES;
				GCC_C_LANGUAGE_STANDARD = gnu11;
				GCC_NO_COMMON_BLOCKS = YES;
				GCC_WARN_64_TO_32_BIT_CONVERSION = YES;
				GCC_WARN_ABOUT_RETURN_TYPE = YES_ERROR;
				GCC_WARN_UNDECLARED_SELECTOR = YES;
				GCC_WARN_UNINITIALIZED_AUTOS = YES_AGGRESSIVE;
				GCC_WARN_UNUSED_FUNCTION = YES;
				GCC_WARN_UNUSED_VARIABLE = YES;
				IPHONEOS_DEPLOYMENT_TARGET = 11.0;
				MTL_ENABLE_DEBUG_INFO = NO;
				SDKROOT = iphoneos;
				SWIFT_OPTIMIZATION_LEVEL = "-Owholemodule";
				VALIDATE_PRODUCT = YES;
			};
			name = Release;
		};
		6BEDA5F51FBA1DFE00F03699 /* Debug */ = {
			isa = XCBuildConfiguration;
			buildSettings = {
				ALWAYS_EMBED_SWIFT_STANDARD_LIBRARIES = YES;
				ASSETCATALOG_COMPILER_APPICON_NAME = AppIcon;
				CODE_SIGN_STYLE = Manual;
				DEVELOPMENT_TEAM = "";
				INFOPLIST_FILE = "$(SRCROOT)/Sources/Info.plist";
				LD_RUNPATH_SEARCH_PATHS = "$(inherited) @executable_path/Frameworks";
				PRODUCT_BUNDLE_IDENTIFIER = com.ryo.Example;
				PRODUCT_NAME = "$(TARGET_NAME)";
				PROVISIONING_PROFILE_SPECIFIER = "";
				SWIFT_VERSION = 4.0;
				TARGETED_DEVICE_FAMILY = "1,2";
			};
			name = Debug;
		};
		6BEDA5F61FBA1DFE00F03699 /* Release */ = {
			isa = XCBuildConfiguration;
			buildSettings = {
				ALWAYS_EMBED_SWIFT_STANDARD_LIBRARIES = YES;
				ASSETCATALOG_COMPILER_APPICON_NAME = AppIcon;
				CODE_SIGN_STYLE = Manual;
				DEVELOPMENT_TEAM = "";
				INFOPLIST_FILE = "$(SRCROOT)/Sources/Info.plist";
				LD_RUNPATH_SEARCH_PATHS = "$(inherited) @executable_path/Frameworks";
				PRODUCT_BUNDLE_IDENTIFIER = com.ryo.Example;
				PRODUCT_NAME = "$(TARGET_NAME)";
				PROVISIONING_PROFILE_SPECIFIER = "";
				SWIFT_VERSION = 4.0;
				TARGETED_DEVICE_FAMILY = "1,2";
			};
			name = Release;
		};
/* End XCBuildConfiguration section */

/* Begin XCConfigurationList section */
		6BEDA5DD1FBA1DFE00F03699 /* Build configuration list for PBXProject "Example" */ = {
			isa = XCConfigurationList;
			buildConfigurations = (
				6BEDA5F21FBA1DFE00F03699 /* Debug */,
				6BEDA5F31FBA1DFE00F03699 /* Release */,
			);
			defaultConfigurationIsVisible = 0;
			defaultConfigurationName = Release;
		};
		6BEDA5F41FBA1DFE00F03699 /* Build configuration list for PBXNativeTarget "Example" */ = {
			isa = XCConfigurationList;
			buildConfigurations = (
				6BEDA5F51FBA1DFE00F03699 /* Debug */,
				6BEDA5F61FBA1DFE00F03699 /* Release */,
			);
			defaultConfigurationIsVisible = 0;
			defaultConfigurationName = Release;
		};
/* End XCConfigurationList section */
	};
	rootObject = 6BEDA5DA1FBA1DFE00F03699 /* Project object */;
}
