// !$*UTF8*$!
{
	archiveVersion = 1;
	classes = {
	};
	objectVersion = 48;
	objects = {

/* Begin PBXBuildFile section */
		6B1685511FA6489500FCDC62 /* RxSwift.framework in Frameworks */ = {isa = PBXBuildFile; fileRef = 6B16854F1FA6489400FCDC62 /* RxSwift.framework */; };
		6B1685521FA6489500FCDC62 /* RxCocoa.framework in Frameworks */ = {isa = PBXBuildFile; fileRef = 6B1685501FA6489500FCDC62 /* RxCocoa.framework */; };
		6B3FF8351FBA1D6E001FD166 /* AppDelegate.swift in Sources */ = {isa = PBXBuildFile; fileRef = 6B3FF8281FBA1D08001FD166 /* AppDelegate.swift */; };
		6B3FF8361FBA1D6E001FD166 /* Assets.xcassets in Resources */ = {isa = PBXBuildFile; fileRef = 6B3FF8291FBA1D08001FD166 /* Assets.xcassets */; };
		6B3FF8371FBA1D6E001FD166 /* CounterActions.swift in Sources */ = {isa = PBXBuildFile; fileRef = 6B3FF82A1FBA1D08001FD166 /* CounterActions.swift */; };
		6B3FF8381FBA1D6E001FD166 /* CounterState.swift in Sources */ = {isa = PBXBuildFile; fileRef = 6B3FF82B1FBA1D08001FD166 /* CounterState.swift */; };
		6B3FF8391FBA1D6E001FD166 /* CounterViewController.storyboard in Resources */ = {isa = PBXBuildFile; fileRef = 6B3FF82C1FBA1D08001FD166 /* CounterViewController.storyboard */; };
		6B3FF83A1FBA1D6E001FD166 /* CounterViewController.swift in Sources */ = {isa = PBXBuildFile; fileRef = 6B3FF82D1FBA1D08001FD166 /* CounterViewController.swift */; };
		6BEDA6111FBA205100F03699 /* VueFlux.framework in Frameworks */ = {isa = PBXBuildFile; fileRef = 6BEDA6101FBA205100F03699 /* VueFlux.framework */; };
		6BEDA6121FBA205100F03699 /* VueFlux.framework in Embed Frameworks */ = {isa = PBXBuildFile; fileRef = 6BEDA6101FBA205100F03699 /* VueFlux.framework */; settings = {ATTRIBUTES = (CodeSignOnCopy, RemoveHeadersOnCopy, ); }; };
		6BEDA6141FBA205100F03699 /* GenericComponents.framework in Frameworks */ = {isa = PBXBuildFile; fileRef = 6BEDA6131FBA205100F03699 /* GenericComponents.framework */; };
		6BEDA6151FBA205100F03699 /* GenericComponents.framework in Embed Frameworks */ = {isa = PBXBuildFile; fileRef = 6BEDA6131FBA205100F03699 /* GenericComponents.framework */; settings = {ATTRIBUTES = (CodeSignOnCopy, RemoveHeadersOnCopy, ); }; };
/* End PBXBuildFile section */

/* Begin PBXCopyFilesBuildPhase section */
		6BEDA60F1FBA202900F03699 /* Embed Frameworks */ = {
			isa = PBXCopyFilesBuildPhase;
			buildActionMask = 2147483647;
			dstPath = "";
			dstSubfolderSpec = 10;
			files = (
				6BEDA6151FBA205100F03699 /* GenericComponents.framework in Embed Frameworks */,
				6BEDA6121FBA205100F03699 /* VueFlux.framework in Embed Frameworks */,
			);
			name = "Embed Frameworks";
			runOnlyForDeploymentPostprocessing = 0;
		};
/* End PBXCopyFilesBuildPhase section */

/* Begin PBXFileReference section */
		6B16854F1FA6489400FCDC62 /* RxSwift.framework */ = {isa = PBXFileReference; lastKnownFileType = wrapper.framework; name = RxSwift.framework; path = Carthage/Build/iOS/RxSwift.framework; sourceTree = "<group>"; };
		6B1685501FA6489500FCDC62 /* RxCocoa.framework */ = {isa = PBXFileReference; lastKnownFileType = wrapper.framework; name = RxCocoa.framework; path = Carthage/Build/iOS/RxCocoa.framework; sourceTree = "<group>"; };
		6B3FF8281FBA1D08001FD166 /* AppDelegate.swift */ = {isa = PBXFileReference; lastKnownFileType = sourcecode.swift; path = AppDelegate.swift; sourceTree = "<group>"; };
		6B3FF8291FBA1D08001FD166 /* Assets.xcassets */ = {isa = PBXFileReference; lastKnownFileType = folder.assetcatalog; path = Assets.xcassets; sourceTree = "<group>"; };
		6B3FF82A1FBA1D08001FD166 /* CounterActions.swift */ = {isa = PBXFileReference; lastKnownFileType = sourcecode.swift; path = CounterActions.swift; sourceTree = "<group>"; };
		6B3FF82B1FBA1D08001FD166 /* CounterState.swift */ = {isa = PBXFileReference; lastKnownFileType = sourcecode.swift; path = CounterState.swift; sourceTree = "<group>"; };
		6B3FF82C1FBA1D08001FD166 /* CounterViewController.storyboard */ = {isa = PBXFileReference; lastKnownFileType = file.storyboard; path = CounterViewController.storyboard; sourceTree = "<group>"; };
		6B3FF82D1FBA1D08001FD166 /* CounterViewController.swift */ = {isa = PBXFileReference; lastKnownFileType = sourcecode.swift; path = CounterViewController.swift; sourceTree = "<group>"; };
		6B3FF82E1FBA1D08001FD166 /* Info.plist */ = {isa = PBXFileReference; lastKnownFileType = text.plist.xml; path = Info.plist; sourceTree = "<group>"; };
		6B9E32AA1FA63CE3000B24D4 /* RxExample.app */ = {isa = PBXFileReference; explicitFileType = wrapper.application; includeInIndex = 0; path = RxExample.app; sourceTree = BUILT_PRODUCTS_DIR; };
		6BEDA6101FBA205100F03699 /* VueFlux.framework */ = {isa = PBXFileReference; explicitFileType = wrapper.framework; path = VueFlux.framework; sourceTree = BUILT_PRODUCTS_DIR; };
		6BEDA6131FBA205100F03699 /* GenericComponents.framework */ = {isa = PBXFileReference; explicitFileType = wrapper.framework; path = GenericComponents.framework; sourceTree = BUILT_PRODUCTS_DIR; };
/* End PBXFileReference section */

/* Begin PBXFrameworksBuildPhase section */
		6B9E32A71FA63CE3000B24D4 /* Frameworks */ = {
			isa = PBXFrameworksBuildPhase;
			buildActionMask = 2147483647;
			files = (
				6BEDA6141FBA205100F03699 /* GenericComponents.framework in Frameworks */,
				6BEDA6111FBA205100F03699 /* VueFlux.framework in Frameworks */,
				6B1685511FA6489500FCDC62 /* RxSwift.framework in Frameworks */,
				6B1685521FA6489500FCDC62 /* RxCocoa.framework in Frameworks */,
			);
			runOnlyForDeploymentPostprocessing = 0;
		};
/* End PBXFrameworksBuildPhase section */

/* Begin PBXGroup section */
		6B3FF8271FBA1D08001FD166 /* Sources */ = {
			isa = PBXGroup;
			children = (
				6B3FF8281FBA1D08001FD166 /* AppDelegate.swift */,
				6B3FF8291FBA1D08001FD166 /* Assets.xcassets */,
				6B3FF82A1FBA1D08001FD166 /* CounterActions.swift */,
				6B3FF82B1FBA1D08001FD166 /* CounterState.swift */,
				6B3FF82C1FBA1D08001FD166 /* CounterViewController.storyboard */,
				6B3FF82D1FBA1D08001FD166 /* CounterViewController.swift */,
				6B3FF82E1FBA1D08001FD166 /* Info.plist */,
			);
			path = Sources;
			sourceTree = "<group>";
		};
		6B9E32A11FA63CE3000B24D4 = {
			isa = PBXGroup;
			children = (
				6B3FF8271FBA1D08001FD166 /* Sources */,
				6B9E32C71FA63DD8000B24D4 /* Frameworks */,
				6B9E32AB1FA63CE3000B24D4 /* Products */,
				6BEDA6131FBA205100F03699 /* GenericComponents.framework */,
				6BEDA6101FBA205100F03699 /* VueFlux.framework */,
			);
			sourceTree = "<group>";
		};
		6B9E32AB1FA63CE3000B24D4 /* Products */ = {
			isa = PBXGroup;
			children = (
				6B9E32AA1FA63CE3000B24D4 /* RxExample.app */,
			);
			name = Products;
			sourceTree = "<group>";
		};
		6B9E32C71FA63DD8000B24D4 /* Frameworks */ = {
			isa = PBXGroup;
			children = (
				6B1685501FA6489500FCDC62 /* RxCocoa.framework */,
				6B16854F1FA6489400FCDC62 /* RxSwift.framework */,
			);
			name = Frameworks;
			sourceTree = "<group>";
		};
/* End PBXGroup section */

/* Begin PBXNativeTarget section */
		6B9E32A91FA63CE3000B24D4 /* RxExample */ = {
			isa = PBXNativeTarget;
			buildConfigurationList = 6B9E32BC1FA63CE3000B24D4 /* Build configuration list for PBXNativeTarget "RxExample" */;
			buildPhases = (
				6B9E32A61FA63CE3000B24D4 /* Sources */,
				6B9E32A71FA63CE3000B24D4 /* Frameworks */,
				6B9E32A81FA63CE3000B24D4 /* Resources */,
				6B9E32CC1FA63DE8000B24D4 /* Carthage */,
				6BEDA60F1FBA202900F03699 /* Embed Frameworks */,
			);
			buildRules = (
			);
			dependencies = (
			);
			name = RxExample;
			productName = RxExample;
			productReference = 6B9E32AA1FA63CE3000B24D4 /* RxExample.app */;
			productType = "com.apple.product-type.application";
		};
/* End PBXNativeTarget section */

/* Begin PBXProject section */
		6B9E32A21FA63CE3000B24D4 /* Project object */ = {
			isa = PBXProject;
			attributes = {
				LastSwiftUpdateCheck = 0900;
				LastUpgradeCheck = 0900;
				ORGANIZATIONNAME = "Ryo Aoyama";
				TargetAttributes = {
					6B9E32A91FA63CE3000B24D4 = {
						CreatedOnToolsVersion = 9.0;
						LastSwiftMigration = 0900;
						ProvisioningStyle = Manual;
					};
				};
			};
			buildConfigurationList = 6B9E32A51FA63CE3000B24D4 /* Build configuration list for PBXProject "RxExample" */;
			compatibilityVersion = "Xcode 8.0";
			developmentRegion = en;
			hasScannedForEncodings = 0;
			knownRegions = (
				en,
				Base,
			);
			mainGroup = 6B9E32A11FA63CE3000B24D4;
			productRefGroup = 6B9E32AB1FA63CE3000B24D4 /* Products */;
			projectDirPath = "";
			projectRoot = "";
			targets = (
				6B9E32A91FA63CE3000B24D4 /* RxExample */,
			);
		};
/* End PBXProject section */

/* Begin PBXResourcesBuildPhase section */
		6B9E32A81FA63CE3000B24D4 /* Resources */ = {
			isa = PBXResourcesBuildPhase;
			buildActionMask = 2147483647;
			files = (
				6B3FF8391FBA1D6E001FD166 /* CounterViewController.storyboard in Resources */,
				6B3FF8361FBA1D6E001FD166 /* Assets.xcassets in Resources */,
			);
			runOnlyForDeploymentPostprocessing = 0;
		};
/* End PBXResourcesBuildPhase section */

/* Begin PBXShellScriptBuildPhase section */
		6B9E32CC1FA63DE8000B24D4 /* Carthage */ = {
			isa = PBXShellScriptBuildPhase;
			buildActionMask = 12;
			files = (
			);
			inputPaths = (
				"$(SRCROOT)/Carthage/Build/iOS/RxSwift.framework",
				"$(SRCROOT)/Carthage/Build/iOS/RxCocoa.framework",
			);
			name = Carthage;
			outputPaths = (
			);
			runOnlyForDeploymentPostprocessing = 0;
			shellPath = /bin/sh;
			shellScript = "/usr/local/bin/carthage copy-frameworks";
		};
/* End PBXShellScriptBuildPhase section */

/* Begin PBXSourcesBuildPhase section */
		6B9E32A61FA63CE3000B24D4 /* Sources */ = {
			isa = PBXSourcesBuildPhase;
			buildActionMask = 2147483647;
			files = (
				6B3FF8381FBA1D6E001FD166 /* CounterState.swift in Sources */,
				6B3FF83A1FBA1D6E001FD166 /* CounterViewController.swift in Sources */,
				6B3FF8371FBA1D6E001FD166 /* CounterActions.swift in Sources */,
				6B3FF8351FBA1D6E001FD166 /* AppDelegate.swift in Sources */,
			);
			runOnlyForDeploymentPostprocessing = 0;
		};
/* End PBXSourcesBuildPhase section */

/* Begin XCBuildConfiguration section */
		6B9E32BA1FA63CE3000B24D4 /* Debug */ = {
			isa = XCBuildConfiguration;
			buildSettings = {
				ALWAYS_SEARCH_USER_PATHS = NO;
				CLANG_ANALYZER_NONNULL = YES;
				CLANG_ANALYZER_NUMBER_OBJECT_CONVERSION = YES_AGGRESSIVE;
				CLANG_CXX_LANGUAGE_STANDARD = "gnu++14";
				CLANG_CXX_LIBRARY = "libc++";
				CLANG_ENABLE_MODULES = YES;
				CLANG_ENABLE_OBJC_ARC = YES;
				CLANG_WARN_BLOCK_CAPTURE_AUTORELEASING = YES;
				CLANG_WARN_BOOL_CONVERSION = YES;
				CLANG_WARN_COMMA = YES;
				CLANG_WARN_CONSTANT_CONVERSION = YES;
				CLANG_WARN_DIRECT_OBJC_ISA_USAGE = YES_ERROR;
				CLANG_WARN_DOCUMENTATION_COMMENTS = YES;
				CLANG_WARN_EMPTY_BODY = YES;
				CLANG_WARN_ENUM_CONVERSION = YES;
				CLANG_WARN_INFINITE_RECURSION = YES;
				CLANG_WARN_INT_CONVERSION = YES;
				CLANG_WARN_NON_LITERAL_NULL_CONVERSION = YES;
				CLANG_WARN_OBJC_LITERAL_CONVERSION = YES;
				CLANG_WARN_OBJC_ROOT_CLASS = YES_ERROR;
				CLANG_WARN_RANGE_LOOP_ANALYSIS = YES;
				CLANG_WARN_STRICT_PROTOTYPES = YES;
				CLANG_WARN_SUSPICIOUS_MOVE = YES;
				CLANG_WARN_UNGUARDED_AVAILABILITY = YES_AGGRESSIVE;
				CLANG_WARN_UNREACHABLE_CODE = YES;
				CLANG_WARN__DUPLICATE_METHOD_MATCH = YES;
				CODE_SIGN_IDENTITY = "iPhone Developer";
				COPY_PHASE_STRIP = NO;
				DEBUG_INFORMATION_FORMAT = dwarf;
				ENABLE_STRICT_OBJC_MSGSEND = YES;
				ENABLE_TESTABILITY = YES;
				GCC_C_LANGUAGE_STANDARD = gnu11;
				GCC_DYNAMIC_NO_PIC = NO;
				GCC_NO_COMMON_BLOCKS = YES;
				GCC_OPTIMIZATION_LEVEL = 0;
				GCC_PREPROCESSOR_DEFINITIONS = (
					"DEBUG=1",
					"$(inherited)",
				);
				GCC_WARN_64_TO_32_BIT_CONVERSION = YES;
				GCC_WARN_ABOUT_RETURN_TYPE = YES_ERROR;
				GCC_WARN_UNDECLARED_SELECTOR = YES;
				GCC_WARN_UNINITIALIZED_AUTOS = YES_AGGRESSIVE;
				GCC_WARN_UNUSED_FUNCTION = YES;
				GCC_WARN_UNUSED_VARIABLE = YES;
				IPHONEOS_DEPLOYMENT_TARGET = 11.0;
				MTL_ENABLE_DEBUG_INFO = YES;
				ONLY_ACTIVE_ARCH = YES;
				SDKROOT = iphoneos;
				SWIFT_ACTIVE_COMPILATION_CONDITIONS = DEBUG;
				SWIFT_OPTIMIZATION_LEVEL = "-Onone";
			};
			name = Debug;
		};
		6B9E32BB1FA63CE3000B24D4 /* Release */ = {
			isa = XCBuildConfiguration;
			buildSettings = {
				ALWAYS_SEARCH_USER_PATHS = NO;
				CLANG_ANALYZER_NONNULL = YES;
				CLANG_ANALYZER_NUMBER_OBJECT_CONVERSION = YES_AGGRESSIVE;
				CLANG_CXX_LANGUAGE_STANDARD = "gnu++14";
				CLANG_CXX_LIBRARY = "libc++";
				CLANG_ENABLE_MODULES = YES;
				CLANG_ENABLE_OBJC_ARC = YES;
				CLANG_WARN_BLOCK_CAPTURE_AUTORELEASING = YES;
				CLANG_WARN_BOOL_CONVERSION = YES;
				CLANG_WARN_COMMA = YES;
				CLANG_WARN_CONSTANT_CONVERSION = YES;
				CLANG_WARN_DIRECT_OBJC_ISA_USAGE = YES_ERROR;
				CLANG_WARN_DOCUMENTATION_COMMENTS = YES;
				CLANG_WARN_EMPTY_BODY = YES;
				CLANG_WARN_ENUM_CONVERSION = YES;
				CLANG_WARN_INFINITE_RECURSION = YES;
				CLANG_WARN_INT_CONVERSION = YES;
				CLANG_WARN_NON_LITERAL_NULL_CONVERSION = YES;
				CLANG_WARN_OBJC_LITERAL_CONVERSION = YES;
				CLANG_WARN_OBJC_ROOT_CLASS = YES_ERROR;
				CLANG_WARN_RANGE_LOOP_ANALYSIS = YES;
				CLANG_WARN_STRICT_PROTOTYPES = YES;
				CLANG_WARN_SUSPICIOUS_MOVE = YES;
				CLANG_WARN_UNGUARDED_AVAILABILITY = YES_AGGRESSIVE;
				CLANG_WARN_UNREACHABLE_CODE = YES;
				CLANG_WARN__DUPLICATE_METHOD_MATCH = YES;
				CODE_SIGN_IDENTITY = "iPhone Developer";
				COPY_PHASE_STRIP = NO;
				DEBUG_INFORMATION_FORMAT = "dwarf-with-dsym";
				ENABLE_NS_ASSERTIONS = NO;
				ENABLE_STRICT_OBJC_MSGSEND = YES;
				GCC_C_LANGUAGE_STANDARD = gnu11;
				GCC_NO_COMMON_BLOCKS = YES;
				GCC_WARN_64_TO_32_BIT_CONVERSION = YES;
				GCC_WARN_ABOUT_RETURN_TYPE = YES_ERROR;
				GCC_WARN_UNDECLARED_SELECTOR = YES;
				GCC_WARN_UNINITIALIZED_AUTOS = YES_AGGRESSIVE;
				GCC_WARN_UNUSED_FUNCTION = YES;
				GCC_WARN_UNUSED_VARIABLE = YES;
				IPHONEOS_DEPLOYMENT_TARGET = 11.0;
				MTL_ENABLE_DEBUG_INFO = NO;
				SDKROOT = iphoneos;
				SWIFT_OPTIMIZATION_LEVEL = "-Owholemodule";
				VALIDATE_PRODUCT = YES;
			};
			name = Release;
		};
		6B9E32BD1FA63CE3000B24D4 /* Debug */ = {
			isa = XCBuildConfiguration;
			buildSettings = {
				ASSETCATALOG_COMPILER_APPICON_NAME = AppIcon;
				CLANG_ENABLE_MODULES = YES;
				CODE_SIGN_STYLE = Manual;
				DEVELOPMENT_TEAM = "";
				FRAMEWORK_SEARCH_PATHS = "$(SRCROOT)/Carthage/Build/iOS";
				INFOPLIST_FILE = "$(SRCROOT)/Sources/Info.plist";
				IPHONEOS_DEPLOYMENT_TARGET = 11.0;
				LD_RUNPATH_SEARCH_PATHS = "$(inherited) @executable_path/Frameworks";
				PRODUCT_BUNDLE_IDENTIFIER = com.ryo.RxExample;
				PRODUCT_NAME = "$(TARGET_NAME)";
				PROVISIONING_PROFILE_SPECIFIER = "";
				SWIFT_OPTIMIZATION_LEVEL = "-Onone";
				SWIFT_VERSION = 4.0;
				TARGETED_DEVICE_FAMILY = "1,2";
			};
			name = Debug;
		};
		6B9E32BE1FA63CE3000B24D4 /* Release */ = {
			isa = XCBuildConfiguration;
			buildSettings = {
				ASSETCATALOG_COMPILER_APPICON_NAME = AppIcon;
				CLANG_ENABLE_MODULES = YES;
				CODE_SIGN_STYLE = Manual;
				DEVELOPMENT_TEAM = "";
				FRAMEWORK_SEARCH_PATHS = "$(SRCROOT)/Carthage/Build/iOS";
				INFOPLIST_FILE = "$(SRCROOT)/Sources/Info.plist";
				IPHONEOS_DEPLOYMENT_TARGET = 11.0;
				LD_RUNPATH_SEARCH_PATHS = "$(inherited) @executable_path/Frameworks";
				PRODUCT_BUNDLE_IDENTIFIER = com.ryo.RxExample;
				PRODUCT_NAME = "$(TARGET_NAME)";
				PROVISIONING_PROFILE_SPECIFIER = "";
				SWIFT_VERSION = 4.0;
				TARGETED_DEVICE_FAMILY = "1,2";
			};
			name = Release;
		};
/* End XCBuildConfiguration section */

/* Begin XCConfigurationList section */
		6B9E32A51FA63CE3000B24D4 /* Build configuration list for PBXProject "RxExample" */ = {
			isa = XCConfigurationList;
			buildConfigurations = (
				6B9E32BA1FA63CE3000B24D4 /* Debug */,
				6B9E32BB1FA63CE3000B24D4 /* Release */,
			);
			defaultConfigurationIsVisible = 0;
			defaultConfigurationName = Release;
		};
		6B9E32BC1FA63CE3000B24D4 /* Build configuration list for PBXNativeTarget "RxExample" */ = {
			isa = XCConfigurationList;
			buildConfigurations = (
				6B9E32BD1FA63CE3000B24D4 /* Debug */,
				6B9E32BE1FA63CE3000B24D4 /* Release */,
			);
			defaultConfigurationIsVisible = 0;
			defaultConfigurationName = Release;
		};
/* End XCConfigurationList section */
	};
	rootObject = 6B9E32A21FA63CE3000B24D4 /* Project object */;
}
